// !$*UTF8*$!
{
	archiveVersion = 1;
	classes = {
	};
	objectVersion = 46;
	objects = {

/* Begin PBXBuildFile section */
		7E06396018B0090600259037 /* AllChildrenRequestBuilderTest.m in Sources */ = {isa = PBXBuildFile; fileRef = 7E06395F18B0090600259037 /* AllChildrenRequestBuilderTest.m */; };
		7E1D05B018A13D8E006EF056 /* Foundation.framework in Frameworks */ = {isa = PBXBuildFile; fileRef = 7E1D05AF18A13D8E006EF056 /* Foundation.framework */; };
		7E1D05B518A13D8E006EF056 /* SCItemsBrowser.h in CopyFiles */ = {isa = PBXBuildFile; fileRef = 7E1D05B418A13D8E006EF056 /* SCItemsBrowser.h */; };
		7E1D05BE18A13D8E006EF056 /* XCTest.framework in Frameworks */ = {isa = PBXBuildFile; fileRef = 7E1D05BD18A13D8E006EF056 /* XCTest.framework */; };
		7E1D05BF18A13D8E006EF056 /* Foundation.framework in Frameworks */ = {isa = PBXBuildFile; fileRef = 7E1D05AF18A13D8E006EF056 /* Foundation.framework */; };
		7E1D05C418A13D8E006EF056 /* libSCItemsBrowser.a in Frameworks */ = {isa = PBXBuildFile; fileRef = 7E1D05AC18A13D8E006EF056 /* libSCItemsBrowser.a */; };
		7E1D05CA18A13D8E006EF056 /* InfoPlist.strings in Resources */ = {isa = PBXBuildFile; fileRef = 7E1D05C818A13D8E006EF056 /* InfoPlist.strings */; };
		7E1D05CC18A13D8E006EF056 /* AssignOncePropertiesTest.m in Sources */ = {isa = PBXBuildFile; fileRef = 7E1D05CB18A13D8E006EF056 /* AssignOncePropertiesTest.m */; };
		7E1D05D718A13DB0006EF056 /* SCItemsBrowserView.m in Sources */ = {isa = PBXBuildFile; fileRef = 7E1D05D618A13DB0006EF056 /* SCItemsBrowserView.m */; };
		7E1D05D918A14105006EF056 /* SitecoreMobileSDK.framework in Frameworks */ = {isa = PBXBuildFile; fileRef = 7E1D05D818A14105006EF056 /* SitecoreMobileSDK.framework */; };
		7E1D05DA18A14105006EF056 /* SitecoreMobileSDK.framework in Frameworks */ = {isa = PBXBuildFile; fileRef = 7E1D05D818A14105006EF056 /* SitecoreMobileSDK.framework */; };
		7E1D05F218A15235006EF056 /* SCItemListCell.m in Sources */ = {isa = PBXBuildFile; fileRef = 7E1D05F118A15235006EF056 /* SCItemListCell.m */; };
		7E1D05F518A1525B006EF056 /* SCItemGridCell.m in Sources */ = {isa = PBXBuildFile; fileRef = 7E1D05F418A1525B006EF056 /* SCItemGridCell.m */; };
		7E225BA518A2420C009CEBEE /* libsqlite3.dylib in Frameworks */ = {isa = PBXBuildFile; fileRef = 7E225BA418A2420C009CEBEE /* libsqlite3.dylib */; };
		7E225BA718A24211009CEBEE /* libz.dylib in Frameworks */ = {isa = PBXBuildFile; fileRef = 7E225BA618A24211009CEBEE /* libz.dylib */; };
		7E225BA918A2421B009CEBEE /* CFNetwork.framework in Frameworks */ = {isa = PBXBuildFile; fileRef = 7E225BA818A2421B009CEBEE /* CFNetwork.framework */; };
		7E225BAC18A24220009CEBEE /* AddressBook.framework in Frameworks */ = {isa = PBXBuildFile; fileRef = 7E225BAA18A24220009CEBEE /* AddressBook.framework */; };
		7E225BAD18A24220009CEBEE /* AddressBookUI.framework in Frameworks */ = {isa = PBXBuildFile; fileRef = 7E225BAB18A24220009CEBEE /* AddressBookUI.framework */; };
		7E225BB518A2423E009CEBEE /* AVFoundation.framework in Frameworks */ = {isa = PBXBuildFile; fileRef = 7E225BAE18A2423E009CEBEE /* AVFoundation.framework */; };
		7E225BB618A2423E009CEBEE /* CoreAudio.framework in Frameworks */ = {isa = PBXBuildFile; fileRef = 7E225BAF18A2423E009CEBEE /* CoreAudio.framework */; };
		7E225BB718A2423E009CEBEE /* CoreGraphics.framework in Frameworks */ = {isa = PBXBuildFile; fileRef = 7E225BB018A2423E009CEBEE /* CoreGraphics.framework */; };
		7E225BB818A2423E009CEBEE /* CoreLocation.framework in Frameworks */ = {isa = PBXBuildFile; fileRef = 7E225BB118A2423E009CEBEE /* CoreLocation.framework */; };
		7E225BB918A2423E009CEBEE /* CoreMedia.framework in Frameworks */ = {isa = PBXBuildFile; fileRef = 7E225BB218A2423E009CEBEE /* CoreMedia.framework */; };
		7E225BBA18A2423E009CEBEE /* CoreMotion.framework in Frameworks */ = {isa = PBXBuildFile; fileRef = 7E225BB318A2423E009CEBEE /* CoreMotion.framework */; };
		7E225BBB18A2423E009CEBEE /* CoreVideo.framework in Frameworks */ = {isa = PBXBuildFile; fileRef = 7E225BB418A2423E009CEBEE /* CoreVideo.framework */; };
		7E225BBD18A24254009CEBEE /* libxml2.dylib in Frameworks */ = {isa = PBXBuildFile; fileRef = 7E225BBC18A24254009CEBEE /* libxml2.dylib */; };
		7E225BBF18A2426B009CEBEE /* libc++.dylib in Frameworks */ = {isa = PBXBuildFile; fileRef = 7E225BBE18A2426B009CEBEE /* libc++.dylib */; };
		7E225BC118A24271009CEBEE /* libstdc++.dylib in Frameworks */ = {isa = PBXBuildFile; fileRef = 7E225BC018A24271009CEBEE /* libstdc++.dylib */; };
		7E225BC318A24276009CEBEE /* MapKit.framework in Frameworks */ = {isa = PBXBuildFile; fileRef = 7E225BC218A24276009CEBEE /* MapKit.framework */; };
		7E225BC618A24292009CEBEE /* EventKit.framework in Frameworks */ = {isa = PBXBuildFile; fileRef = 7E225BC418A24292009CEBEE /* EventKit.framework */; };
		7E225BC718A24292009CEBEE /* EventKitUI.framework in Frameworks */ = {isa = PBXBuildFile; fileRef = 7E225BC518A24292009CEBEE /* EventKitUI.framework */; };
		7E225BC918A24296009CEBEE /* Social.framework in Frameworks */ = {isa = PBXBuildFile; fileRef = 7E225BC818A24296009CEBEE /* Social.framework */; };
		7E225BCB18A242B0009CEBEE /* libiconv.dylib in Frameworks */ = {isa = PBXBuildFile; fileRef = 7E225BCA18A242B0009CEBEE /* libiconv.dylib */; };
		7E225BCD18A242BF009CEBEE /* Twitter.framework in Frameworks */ = {isa = PBXBuildFile; fileRef = 7E225BCC18A242BF009CEBEE /* Twitter.framework */; };
		7E225BCF18A242D2009CEBEE /* AudioToolbox.framework in Frameworks */ = {isa = PBXBuildFile; fileRef = 7E225BCE18A242D2009CEBEE /* AudioToolbox.framework */; };
		7E225BD118A242FC009CEBEE /* UIKit.framework in Frameworks */ = {isa = PBXBuildFile; fileRef = 7E225BD018A242FC009CEBEE /* UIKit.framework */; };
		7E225BD318A24313009CEBEE /* MessageUI.framework in Frameworks */ = {isa = PBXBuildFile; fileRef = 7E225BD218A24313009CEBEE /* MessageUI.framework */; };
		7E225BEC18A2968B009CEBEE /* SCItemsFileManager.m in Sources */ = {isa = PBXBuildFile; fileRef = 7E225BEB18A2968B009CEBEE /* SCItemsFileManager.m */; };
		7E225BEE18A296D0009CEBEE /* ItemsFileManagerTest.m in Sources */ = {isa = PBXBuildFile; fileRef = 7E225BED18A296D0009CEBEE /* ItemsFileManagerTest.m */; };
		7E34F72718AA2C0A00B5D62E /* SIBBlackListTemplateRequestBuilder.m in Sources */ = {isa = PBXBuildFile; fileRef = 7E34F72618AA2C0A00B5D62E /* SIBBlackListTemplateRequestBuilder.m */; };
		7E34F72A18AA2E9500B5D62E /* SIBAbstractTemplateListRequestBuilder.m in Sources */ = {isa = PBXBuildFile; fileRef = 7E34F72918AA2E9500B5D62E /* SIBAbstractTemplateListRequestBuilder.m */; };
		7E34F72D18AA45E700B5D62E /* SCItemListBrowser.mm in Sources */ = {isa = PBXBuildFile; fileRef = 7E34F72C18AA45E700B5D62E /* SCItemListBrowser.mm */; };
		7E3BF9F018A8C240001454C5 /* HelperStructuresTest.m in Sources */ = {isa = PBXBuildFile; fileRef = 7E3BF9EF18A8C240001454C5 /* HelperStructuresTest.m */; };
		7E40D84618A91C1500CE98BF /* SCLevelUpItem.m in Sources */ = {isa = PBXBuildFile; fileRef = 7E40D84518A91C1500CE98BF /* SCLevelUpItem.m */; };
		7E40D84918A9357500CE98BF /* SIBWhiteListTemplateRequestBuilder.m in Sources */ = {isa = PBXBuildFile; fileRef = 7E40D84818A9357500CE98BF /* SIBWhiteListTemplateRequestBuilder.m */; };
		7E52E0D018ACB7D2004DF524 /* SCItem+Media.m in Sources */ = {isa = PBXBuildFile; fileRef = 7E52E0CF18ACB7D2004DF524 /* SCItem+Media.m */; };
		7E58471718B00CF5001057B9 /* ItemListTextCellTest.m in Sources */ = {isa = PBXBuildFile; fileRef = 7E58471618B00CF5001057B9 /* ItemListTextCellTest.m */; };
		7E73B44C18ABD17500950AEB /* SCMediaItemListCell.m in Sources */ = {isa = PBXBuildFile; fileRef = 7E73B44B18ABD17500950AEB /* SCMediaItemListCell.m */; };
		7E84902718AF863C00B1EE15 /* BlackListRequestBuilderTest.m in Sources */ = {isa = PBXBuildFile; fileRef = 7E84902618AF863C00B1EE15 /* BlackListRequestBuilderTest.m */; };
		7EA19EDC18AD34CD00DD18CD /* WhiteListRequestBuilderTest.m in Sources */ = {isa = PBXBuildFile; fileRef = 7EA19EDB18AD34CD00DD18CD /* WhiteListRequestBuilderTest.m */; };
		7EAB807518A4E9D800C73F62 /* SCItemsFileManagerCallbacks.m in Sources */ = {isa = PBXBuildFile; fileRef = 7EAB807418A4E9D800C73F62 /* SCItemsFileManagerCallbacks.m */; };
		7EAB807818A4EDE300C73F62 /* SCLevelsHistory.m in Sources */ = {isa = PBXBuildFile; fileRef = 7EAB807718A4EDE300C73F62 /* SCLevelsHistory.m */; };
		7EAB807B18A503A000C73F62 /* SCLevelInfoPOD.m in Sources */ = {isa = PBXBuildFile; fileRef = 7EAB807A18A503A000C73F62 /* SCLevelInfoPOD.m */; };
		7EAB807E18A5120B00C73F62 /* SCLevelResponse.m in Sources */ = {isa = PBXBuildFile; fileRef = 7EAB807D18A5120B00C73F62 /* SCLevelResponse.m */; };
		7EAB808318A5209900C73F62 /* ItemsFileManagerHistoryTest.m in Sources */ = {isa = PBXBuildFile; fileRef = 7EAB808218A5209900C73F62 /* ItemsFileManagerHistoryTest.m */; };
		7EAB808F18A5278A00C73F62 /* StubCellFactory.m in Sources */ = {isa = PBXBuildFile; fileRef = 7EAB808618A5278A00C73F62 /* StubCellFactory.m */; };
		7EAB809018A5278A00C73F62 /* StubGridModeTheme.m in Sources */ = {isa = PBXBuildFile; fileRef = 7EAB808818A5278A00C73F62 /* StubGridModeTheme.m */; };
		7EAB809118A5278A00C73F62 /* StubItemsBrowserDelegate.m in Sources */ = {isa = PBXBuildFile; fileRef = 7EAB808A18A5278A00C73F62 /* StubItemsBrowserDelegate.m */; };
		7EAB809218A5278A00C73F62 /* StubListModeTheme.m in Sources */ = {isa = PBXBuildFile; fileRef = 7EAB808C18A5278A00C73F62 /* StubListModeTheme.m */; };
		7EAB809318A5278A00C73F62 /* StubRequestBuilder.m in Sources */ = {isa = PBXBuildFile; fileRef = 7EAB808E18A5278A00C73F62 /* StubRequestBuilder.m */; };
		7EAB809818A528C700C73F62 /* ItemsLevelOperationBuilderHook.m in Sources */ = {isa = PBXBuildFile; fileRef = 7EAB809718A528C700C73F62 /* ItemsLevelOperationBuilderHook.m */; };
		7EB927BE18A9002C0007B062 /* SIBAllChildrenRequestBuilder.m in Sources */ = {isa = PBXBuildFile; fileRef = 7EB927BD18A9002C0007B062 /* SIBAllChildrenRequestBuilder.m */; };
		7EC6143A18AD2F7D008E6011 /* AssignOnceListPropertiesTest.m in Sources */ = {isa = PBXBuildFile; fileRef = 7EC6143918AD2F7D008E6011 /* AssignOnceListPropertiesTest.m */; };
		7EF614D918ABA8C300C648B4 /* SCItemListTextCell.m in Sources */ = {isa = PBXBuildFile; fileRef = 7EF614D818ABA8C300C648B4 /* SCItemListTextCell.m */; };
/* End PBXBuildFile section */

/* Begin PBXContainerItemProxy section */
		7E1D05C218A13D8E006EF056 /* PBXContainerItemProxy */ = {
			isa = PBXContainerItemProxy;
			containerPortal = 7E1D05A418A13D8E006EF056 /* Project object */;
			proxyType = 1;
			remoteGlobalIDString = 7E1D05AB18A13D8E006EF056;
			remoteInfo = SCItemsBrowser;
		};
/* End PBXContainerItemProxy section */

/* Begin PBXCopyFilesBuildPhase section */
		7E1D05AA18A13D8E006EF056 /* CopyFiles */ = {
			isa = PBXCopyFilesBuildPhase;
			buildActionMask = 2147483647;
			dstPath = "include/$(PRODUCT_NAME)";
			dstSubfolderSpec = 16;
			files = (
				7E1D05B518A13D8E006EF056 /* SCItemsBrowser.h in CopyFiles */,
			);
			runOnlyForDeploymentPostprocessing = 0;
		};
/* End PBXCopyFilesBuildPhase section */

/* Begin PBXFileReference section */
		7E06395F18B0090600259037 /* AllChildrenRequestBuilderTest.m */ = {isa = PBXFileReference; fileEncoding = 4; lastKnownFileType = sourcecode.c.objc; path = AllChildrenRequestBuilderTest.m; sourceTree = "<group>"; };
		7E1D05AC18A13D8E006EF056 /* libSCItemsBrowser.a */ = {isa = PBXFileReference; explicitFileType = archive.ar; includeInIndex = 0; path = libSCItemsBrowser.a; sourceTree = BUILT_PRODUCTS_DIR; };
		7E1D05AF18A13D8E006EF056 /* Foundation.framework */ = {isa = PBXFileReference; lastKnownFileType = wrapper.framework; name = Foundation.framework; path = System/Library/Frameworks/Foundation.framework; sourceTree = SDKROOT; };
		7E1D05B318A13D8E006EF056 /* SCItemsBrowser-Prefix.pch */ = {isa = PBXFileReference; lastKnownFileType = sourcecode.c.h; path = "SCItemsBrowser-Prefix.pch"; sourceTree = "<group>"; };
		7E1D05B418A13D8E006EF056 /* SCItemsBrowser.h */ = {isa = PBXFileReference; lastKnownFileType = sourcecode.c.h; path = SCItemsBrowser.h; sourceTree = "<group>"; };
		7E1D05BC18A13D8E006EF056 /* SCItemsBrowserTests.xctest */ = {isa = PBXFileReference; explicitFileType = wrapper.cfbundle; includeInIndex = 0; path = SCItemsBrowserTests.xctest; sourceTree = BUILT_PRODUCTS_DIR; };
		7E1D05BD18A13D8E006EF056 /* XCTest.framework */ = {isa = PBXFileReference; lastKnownFileType = wrapper.framework; name = XCTest.framework; path = Library/Frameworks/XCTest.framework; sourceTree = DEVELOPER_DIR; };
		7E1D05C018A13D8E006EF056 /* UIKit.framework */ = {isa = PBXFileReference; lastKnownFileType = wrapper.framework; name = UIKit.framework; path = Library/Frameworks/UIKit.framework; sourceTree = DEVELOPER_DIR; };
		7E1D05C718A13D8E006EF056 /* SCItemsBrowserTests-Info.plist */ = {isa = PBXFileReference; lastKnownFileType = text.plist.xml; path = "SCItemsBrowserTests-Info.plist"; sourceTree = "<group>"; };
		7E1D05C918A13D8E006EF056 /* en */ = {isa = PBXFileReference; lastKnownFileType = text.plist.strings; name = en; path = en.lproj/InfoPlist.strings; sourceTree = "<group>"; };
		7E1D05CB18A13D8E006EF056 /* AssignOncePropertiesTest.m */ = {isa = PBXFileReference; lastKnownFileType = sourcecode.c.objc; path = AssignOncePropertiesTest.m; sourceTree = "<group>"; };
		7E1D05D518A13DB0006EF056 /* SCItemsBrowserView.h */ = {isa = PBXFileReference; fileEncoding = 4; lastKnownFileType = sourcecode.c.h; path = SCItemsBrowserView.h; sourceTree = "<group>"; };
		7E1D05D618A13DB0006EF056 /* SCItemsBrowserView.m */ = {isa = PBXFileReference; fileEncoding = 4; lastKnownFileType = sourcecode.c.objc; path = SCItemsBrowserView.m; sourceTree = "<group>"; };
		7E1D05D818A14105006EF056 /* SitecoreMobileSDK.framework */ = {isa = PBXFileReference; lastKnownFileType = wrapper.framework; name = SitecoreMobileSDK.framework; path = frameworks/SitecoreMobileSDK.framework; sourceTree = "<group>"; };
		7E1D05E118A14AC0006EF056 /* SCItemsBrowserDelegate.h */ = {isa = PBXFileReference; lastKnownFileType = sourcecode.c.h; path = SCItemsBrowserDelegate.h; sourceTree = "<group>"; };
		7E1D05E218A14B95006EF056 /* SCItemCell.h */ = {isa = PBXFileReference; lastKnownFileType = sourcecode.c.h; path = SCItemCell.h; sourceTree = "<group>"; };
		7E1D05E618A14F6D006EF056 /* SIBGridModeAppearance.h */ = {isa = PBXFileReference; fileEncoding = 4; lastKnownFileType = sourcecode.c.h; path = SIBGridModeAppearance.h; sourceTree = "<group>"; };
		7E1D05E718A14F6D006EF056 /* SIBListModeAppearance.h */ = {isa = PBXFileReference; fileEncoding = 4; lastKnownFileType = sourcecode.c.h; path = SIBListModeAppearance.h; sourceTree = "<group>"; };
		7E1D05E918A14F6D006EF056 /* SIBGridModeCellFactory.h */ = {isa = PBXFileReference; fileEncoding = 4; lastKnownFileType = sourcecode.c.h; path = SIBGridModeCellFactory.h; sourceTree = "<group>"; };
		7E1D05EA18A14F6D006EF056 /* SIBListModeCellFactory.h */ = {isa = PBXFileReference; fileEncoding = 4; lastKnownFileType = sourcecode.c.h; path = SIBListModeCellFactory.h; sourceTree = "<group>"; };
		7E1D05F018A15235006EF056 /* SCItemListCell.h */ = {isa = PBXFileReference; fileEncoding = 4; lastKnownFileType = sourcecode.c.h; path = SCItemListCell.h; sourceTree = "<group>"; };
		7E1D05F118A15235006EF056 /* SCItemListCell.m */ = {isa = PBXFileReference; fileEncoding = 4; lastKnownFileType = sourcecode.c.objc; path = SCItemListCell.m; sourceTree = "<group>"; };
		7E1D05F318A1525B006EF056 /* SCItemGridCell.h */ = {isa = PBXFileReference; fileEncoding = 4; lastKnownFileType = sourcecode.c.h; path = SCItemGridCell.h; sourceTree = "<group>"; };
		7E1D05F418A1525B006EF056 /* SCItemGridCell.m */ = {isa = PBXFileReference; fileEncoding = 4; lastKnownFileType = sourcecode.c.objc; path = SCItemGridCell.m; sourceTree = "<group>"; };
		7E225BA418A2420C009CEBEE /* libsqlite3.dylib */ = {isa = PBXFileReference; lastKnownFileType = "compiled.mach-o.dylib"; name = libsqlite3.dylib; path = usr/lib/libsqlite3.dylib; sourceTree = SDKROOT; };
		7E225BA618A24211009CEBEE /* libz.dylib */ = {isa = PBXFileReference; lastKnownFileType = "compiled.mach-o.dylib"; name = libz.dylib; path = usr/lib/libz.dylib; sourceTree = SDKROOT; };
		7E225BA818A2421B009CEBEE /* CFNetwork.framework */ = {isa = PBXFileReference; lastKnownFileType = wrapper.framework; name = CFNetwork.framework; path = System/Library/Frameworks/CFNetwork.framework; sourceTree = SDKROOT; };
		7E225BAA18A24220009CEBEE /* AddressBook.framework */ = {isa = PBXFileReference; lastKnownFileType = wrapper.framework; name = AddressBook.framework; path = System/Library/Frameworks/AddressBook.framework; sourceTree = SDKROOT; };
		7E225BAB18A24220009CEBEE /* AddressBookUI.framework */ = {isa = PBXFileReference; lastKnownFileType = wrapper.framework; name = AddressBookUI.framework; path = System/Library/Frameworks/AddressBookUI.framework; sourceTree = SDKROOT; };
		7E225BAE18A2423E009CEBEE /* AVFoundation.framework */ = {isa = PBXFileReference; lastKnownFileType = wrapper.framework; name = AVFoundation.framework; path = System/Library/Frameworks/AVFoundation.framework; sourceTree = SDKROOT; };
		7E225BAF18A2423E009CEBEE /* CoreAudio.framework */ = {isa = PBXFileReference; lastKnownFileType = wrapper.framework; name = CoreAudio.framework; path = System/Library/Frameworks/CoreAudio.framework; sourceTree = SDKROOT; };
		7E225BB018A2423E009CEBEE /* CoreGraphics.framework */ = {isa = PBXFileReference; lastKnownFileType = wrapper.framework; name = CoreGraphics.framework; path = System/Library/Frameworks/CoreGraphics.framework; sourceTree = SDKROOT; };
		7E225BB118A2423E009CEBEE /* CoreLocation.framework */ = {isa = PBXFileReference; lastKnownFileType = wrapper.framework; name = CoreLocation.framework; path = System/Library/Frameworks/CoreLocation.framework; sourceTree = SDKROOT; };
		7E225BB218A2423E009CEBEE /* CoreMedia.framework */ = {isa = PBXFileReference; lastKnownFileType = wrapper.framework; name = CoreMedia.framework; path = System/Library/Frameworks/CoreMedia.framework; sourceTree = SDKROOT; };
		7E225BB318A2423E009CEBEE /* CoreMotion.framework */ = {isa = PBXFileReference; lastKnownFileType = wrapper.framework; name = CoreMotion.framework; path = System/Library/Frameworks/CoreMotion.framework; sourceTree = SDKROOT; };
		7E225BB418A2423E009CEBEE /* CoreVideo.framework */ = {isa = PBXFileReference; lastKnownFileType = wrapper.framework; name = CoreVideo.framework; path = System/Library/Frameworks/CoreVideo.framework; sourceTree = SDKROOT; };
		7E225BBC18A24254009CEBEE /* libxml2.dylib */ = {isa = PBXFileReference; lastKnownFileType = "compiled.mach-o.dylib"; name = libxml2.dylib; path = usr/lib/libxml2.dylib; sourceTree = SDKROOT; };
		7E225BBE18A2426B009CEBEE /* libc++.dylib */ = {isa = PBXFileReference; lastKnownFileType = "compiled.mach-o.dylib"; name = "libc++.dylib"; path = "usr/lib/libc++.dylib"; sourceTree = SDKROOT; };
		7E225BC018A24271009CEBEE /* libstdc++.dylib */ = {isa = PBXFileReference; lastKnownFileType = "compiled.mach-o.dylib"; name = "libstdc++.dylib"; path = "usr/lib/libstdc++.dylib"; sourceTree = SDKROOT; };
		7E225BC218A24276009CEBEE /* MapKit.framework */ = {isa = PBXFileReference; lastKnownFileType = wrapper.framework; name = MapKit.framework; path = System/Library/Frameworks/MapKit.framework; sourceTree = SDKROOT; };
		7E225BC418A24292009CEBEE /* EventKit.framework */ = {isa = PBXFileReference; lastKnownFileType = wrapper.framework; name = EventKit.framework; path = System/Library/Frameworks/EventKit.framework; sourceTree = SDKROOT; };
		7E225BC518A24292009CEBEE /* EventKitUI.framework */ = {isa = PBXFileReference; lastKnownFileType = wrapper.framework; name = EventKitUI.framework; path = System/Library/Frameworks/EventKitUI.framework; sourceTree = SDKROOT; };
		7E225BC818A24296009CEBEE /* Social.framework */ = {isa = PBXFileReference; lastKnownFileType = wrapper.framework; name = Social.framework; path = System/Library/Frameworks/Social.framework; sourceTree = SDKROOT; };
		7E225BCA18A242B0009CEBEE /* libiconv.dylib */ = {isa = PBXFileReference; lastKnownFileType = "compiled.mach-o.dylib"; name = libiconv.dylib; path = usr/lib/libiconv.dylib; sourceTree = SDKROOT; };
		7E225BCC18A242BF009CEBEE /* Twitter.framework */ = {isa = PBXFileReference; lastKnownFileType = wrapper.framework; name = Twitter.framework; path = System/Library/Frameworks/Twitter.framework; sourceTree = SDKROOT; };
		7E225BCE18A242D2009CEBEE /* AudioToolbox.framework */ = {isa = PBXFileReference; lastKnownFileType = wrapper.framework; name = AudioToolbox.framework; path = System/Library/Frameworks/AudioToolbox.framework; sourceTree = SDKROOT; };
		7E225BD018A242FC009CEBEE /* UIKit.framework */ = {isa = PBXFileReference; lastKnownFileType = wrapper.framework; name = UIKit.framework; path = System/Library/Frameworks/UIKit.framework; sourceTree = SDKROOT; };
		7E225BD218A24313009CEBEE /* MessageUI.framework */ = {isa = PBXFileReference; lastKnownFileType = wrapper.framework; name = MessageUI.framework; path = System/Library/Frameworks/MessageUI.framework; sourceTree = SDKROOT; };
		7E225BE318A28715009CEBEE /* SCItemsLevelRequestBuilder.h */ = {isa = PBXFileReference; lastKnownFileType = sourcecode.c.h; path = SCItemsLevelRequestBuilder.h; sourceTree = "<group>"; };
		7E225BE818A28E85009CEBEE /* SCItemsBrowserProtocol.h */ = {isa = PBXFileReference; lastKnownFileType = sourcecode.c.h; path = SCItemsBrowserProtocol.h; sourceTree = "<group>"; };
		7E225BEA18A2968B009CEBEE /* SCItemsFileManager.h */ = {isa = PBXFileReference; fileEncoding = 4; lastKnownFileType = sourcecode.c.h; path = SCItemsFileManager.h; sourceTree = "<group>"; };
		7E225BEB18A2968B009CEBEE /* SCItemsFileManager.m */ = {isa = PBXFileReference; fileEncoding = 4; lastKnownFileType = sourcecode.c.objc; path = SCItemsFileManager.m; sourceTree = "<group>"; };
		7E225BED18A296D0009CEBEE /* ItemsFileManagerTest.m */ = {isa = PBXFileReference; fileEncoding = 4; lastKnownFileType = sourcecode.c.objc; path = ItemsFileManagerTest.m; sourceTree = "<group>"; };
		7E34F72518AA2C0A00B5D62E /* SIBBlackListTemplateRequestBuilder.h */ = {isa = PBXFileReference; fileEncoding = 4; lastKnownFileType = sourcecode.c.h; path = SIBBlackListTemplateRequestBuilder.h; sourceTree = "<group>"; };
		7E34F72618AA2C0A00B5D62E /* SIBBlackListTemplateRequestBuilder.m */ = {isa = PBXFileReference; fileEncoding = 4; lastKnownFileType = sourcecode.c.objc; path = SIBBlackListTemplateRequestBuilder.m; sourceTree = "<group>"; };
		7E34F72818AA2E9500B5D62E /* SIBAbstractTemplateListRequestBuilder.h */ = {isa = PBXFileReference; fileEncoding = 4; lastKnownFileType = sourcecode.c.h; path = SIBAbstractTemplateListRequestBuilder.h; sourceTree = "<group>"; };
		7E34F72918AA2E9500B5D62E /* SIBAbstractTemplateListRequestBuilder.m */ = {isa = PBXFileReference; fileEncoding = 4; lastKnownFileType = sourcecode.c.objc; path = SIBAbstractTemplateListRequestBuilder.m; sourceTree = "<group>"; };
		7E34F72B18AA45E700B5D62E /* SCItemListBrowser.h */ = {isa = PBXFileReference; fileEncoding = 4; lastKnownFileType = sourcecode.c.h; path = SCItemListBrowser.h; sourceTree = "<group>"; };
		7E34F72C18AA45E700B5D62E /* SCItemListBrowser.mm */ = {isa = PBXFileReference; fileEncoding = 4; lastKnownFileType = sourcecode.cpp.objcpp; path = SCItemListBrowser.mm; sourceTree = "<group>"; };
		7E34F72E18AA482200B5D62E /* SCItemsBrowserInitialization.h */ = {isa = PBXFileReference; lastKnownFileType = sourcecode.c.h; path = SCItemsBrowserInitialization.h; sourceTree = "<group>"; };
		7E35B1F318A37D6D000F30E8 /* SCItemsFileManager+UnitTest.h */ = {isa = PBXFileReference; fileEncoding = 4; lastKnownFileType = sourcecode.c.h; path = "SCItemsFileManager+UnitTest.h"; sourceTree = "<group>"; };
		7E35B1F618A3976D000F30E8 /* .gitignore */ = {isa = PBXFileReference; lastKnownFileType = text; path = .gitignore; sourceTree = "<group>"; };
		7E3BF9EF18A8C240001454C5 /* HelperStructuresTest.m */ = {isa = PBXFileReference; fileEncoding = 4; lastKnownFileType = sourcecode.c.objc; path = HelperStructuresTest.m; sourceTree = "<group>"; };
		7E3CB67718A62A0F004D28BD /* libXCode5gcovPatch.a */ = {isa = PBXFileReference; lastKnownFileType = archive.ar; name = libXCode5gcovPatch.a; path = frameworks/libXCode5gcovPatch.a; sourceTree = "<group>"; };
		7E40D84418A91C1500CE98BF /* SCLevelUpItem.h */ = {isa = PBXFileReference; fileEncoding = 4; lastKnownFileType = sourcecode.c.h; path = SCLevelUpItem.h; sourceTree = "<group>"; };
		7E40D84518A91C1500CE98BF /* SCLevelUpItem.m */ = {isa = PBXFileReference; fileEncoding = 4; lastKnownFileType = sourcecode.c.objc; path = SCLevelUpItem.m; sourceTree = "<group>"; };
		7E40D84718A9357500CE98BF /* SIBWhiteListTemplateRequestBuilder.h */ = {isa = PBXFileReference; fileEncoding = 4; lastKnownFileType = sourcecode.c.h; path = SIBWhiteListTemplateRequestBuilder.h; sourceTree = "<group>"; };
		7E40D84818A9357500CE98BF /* SIBWhiteListTemplateRequestBuilder.m */ = {isa = PBXFileReference; fileEncoding = 4; lastKnownFileType = sourcecode.c.objc; path = SIBWhiteListTemplateRequestBuilder.m; sourceTree = "<group>"; };
		7E52E0CE18ACB7D2004DF524 /* SCItem+Media.h */ = {isa = PBXFileReference; fileEncoding = 4; lastKnownFileType = sourcecode.c.h; path = "SCItem+Media.h"; sourceTree = "<group>"; };
		7E52E0CF18ACB7D2004DF524 /* SCItem+Media.m */ = {isa = PBXFileReference; fileEncoding = 4; lastKnownFileType = sourcecode.c.objc; path = "SCItem+Media.m"; sourceTree = "<group>"; };
		7E58471618B00CF5001057B9 /* ItemListTextCellTest.m */ = {isa = PBXFileReference; fileEncoding = 4; lastKnownFileType = sourcecode.c.objc; path = ItemListTextCellTest.m; sourceTree = "<group>"; };
		7E73B44A18ABD17500950AEB /* SCMediaItemListCell.h */ = {isa = PBXFileReference; fileEncoding = 4; lastKnownFileType = sourcecode.c.h; path = SCMediaItemListCell.h; sourceTree = "<group>"; };
		7E73B44B18ABD17500950AEB /* SCMediaItemListCell.m */ = {isa = PBXFileReference; fileEncoding = 4; lastKnownFileType = sourcecode.c.objc; path = SCMediaItemListCell.m; sourceTree = "<group>"; };
		7E84902618AF863C00B1EE15 /* BlackListRequestBuilderTest.m */ = {isa = PBXFileReference; fileEncoding = 4; lastKnownFileType = sourcecode.c.objc; path = BlackListRequestBuilderTest.m; sourceTree = "<group>"; };
		7EA19EDB18AD34CD00DD18CD /* WhiteListRequestBuilderTest.m */ = {isa = PBXFileReference; fileEncoding = 4; lastKnownFileType = sourcecode.c.objc; path = WhiteListRequestBuilderTest.m; sourceTree = "<group>"; };
		7EAB807318A4E9D800C73F62 /* SCItemsFileManagerCallbacks.h */ = {isa = PBXFileReference; fileEncoding = 4; lastKnownFileType = sourcecode.c.h; path = SCItemsFileManagerCallbacks.h; sourceTree = "<group>"; };
		7EAB807418A4E9D800C73F62 /* SCItemsFileManagerCallbacks.m */ = {isa = PBXFileReference; fileEncoding = 4; lastKnownFileType = sourcecode.c.objc; path = SCItemsFileManagerCallbacks.m; sourceTree = "<group>"; };
		7EAB807618A4EDE300C73F62 /* SCLevelsHistory.h */ = {isa = PBXFileReference; fileEncoding = 4; lastKnownFileType = sourcecode.c.h; path = SCLevelsHistory.h; sourceTree = "<group>"; };
		7EAB807718A4EDE300C73F62 /* SCLevelsHistory.m */ = {isa = PBXFileReference; fileEncoding = 4; lastKnownFileType = sourcecode.c.objc; path = SCLevelsHistory.m; sourceTree = "<group>"; };
		7EAB807918A503A000C73F62 /* SCLevelInfoPOD.h */ = {isa = PBXFileReference; fileEncoding = 4; lastKnownFileType = sourcecode.c.h; path = SCLevelInfoPOD.h; sourceTree = "<group>"; };
		7EAB807A18A503A000C73F62 /* SCLevelInfoPOD.m */ = {isa = PBXFileReference; fileEncoding = 4; lastKnownFileType = sourcecode.c.objc; path = SCLevelInfoPOD.m; sourceTree = "<group>"; };
		7EAB807C18A5120B00C73F62 /* SCLevelResponse.h */ = {isa = PBXFileReference; fileEncoding = 4; lastKnownFileType = sourcecode.c.h; path = SCLevelResponse.h; sourceTree = "<group>"; };
		7EAB807D18A5120B00C73F62 /* SCLevelResponse.m */ = {isa = PBXFileReference; fileEncoding = 4; lastKnownFileType = sourcecode.c.objc; path = SCLevelResponse.m; sourceTree = "<group>"; };
		7EAB808218A5209900C73F62 /* ItemsFileManagerHistoryTest.m */ = {isa = PBXFileReference; fileEncoding = 4; lastKnownFileType = sourcecode.c.objc; path = ItemsFileManagerHistoryTest.m; sourceTree = "<group>"; };
		7EAB808518A5278A00C73F62 /* StubCellFactory.h */ = {isa = PBXFileReference; fileEncoding = 4; lastKnownFileType = sourcecode.c.h; path = StubCellFactory.h; sourceTree = "<group>"; };
		7EAB808618A5278A00C73F62 /* StubCellFactory.m */ = {isa = PBXFileReference; fileEncoding = 4; lastKnownFileType = sourcecode.c.objc; path = StubCellFactory.m; sourceTree = "<group>"; };
		7EAB808718A5278A00C73F62 /* StubGridModeTheme.h */ = {isa = PBXFileReference; fileEncoding = 4; lastKnownFileType = sourcecode.c.h; path = StubGridModeTheme.h; sourceTree = "<group>"; };
		7EAB808818A5278A00C73F62 /* StubGridModeTheme.m */ = {isa = PBXFileReference; fileEncoding = 4; lastKnownFileType = sourcecode.c.objc; path = StubGridModeTheme.m; sourceTree = "<group>"; };
		7EAB808918A5278A00C73F62 /* StubItemsBrowserDelegate.h */ = {isa = PBXFileReference; fileEncoding = 4; lastKnownFileType = sourcecode.c.h; path = StubItemsBrowserDelegate.h; sourceTree = "<group>"; };
		7EAB808A18A5278A00C73F62 /* StubItemsBrowserDelegate.m */ = {isa = PBXFileReference; fileEncoding = 4; lastKnownFileType = sourcecode.c.objc; path = StubItemsBrowserDelegate.m; sourceTree = "<group>"; };
		7EAB808B18A5278A00C73F62 /* StubListModeTheme.h */ = {isa = PBXFileReference; fileEncoding = 4; lastKnownFileType = sourcecode.c.h; path = StubListModeTheme.h; sourceTree = "<group>"; };
		7EAB808C18A5278A00C73F62 /* StubListModeTheme.m */ = {isa = PBXFileReference; fileEncoding = 4; lastKnownFileType = sourcecode.c.objc; path = StubListModeTheme.m; sourceTree = "<group>"; };
		7EAB808D18A5278A00C73F62 /* StubRequestBuilder.h */ = {isa = PBXFileReference; fileEncoding = 4; lastKnownFileType = sourcecode.c.h; path = StubRequestBuilder.h; sourceTree = "<group>"; };
		7EAB808E18A5278A00C73F62 /* StubRequestBuilder.m */ = {isa = PBXFileReference; fileEncoding = 4; lastKnownFileType = sourcecode.c.objc; path = StubRequestBuilder.m; sourceTree = "<group>"; };
		7EAB809418A527AE00C73F62 /* ItemsBrowserTestStubs.h */ = {isa = PBXFileReference; lastKnownFileType = sourcecode.c.h; path = ItemsBrowserTestStubs.h; sourceTree = "<group>"; };
		7EAB809618A528C700C73F62 /* ItemsLevelOperationBuilderHook.h */ = {isa = PBXFileReference; fileEncoding = 4; lastKnownFileType = sourcecode.c.h; path = ItemsLevelOperationBuilderHook.h; sourceTree = "<group>"; };
		7EAB809718A528C700C73F62 /* ItemsLevelOperationBuilderHook.m */ = {isa = PBXFileReference; fileEncoding = 4; lastKnownFileType = sourcecode.c.objc; path = ItemsLevelOperationBuilderHook.m; sourceTree = "<group>"; };
		7EB2890018AF7C7800EBCF11 /* SCItem+PrivateMethods.h */ = {isa = PBXFileReference; lastKnownFileType = sourcecode.c.h; path = "SCItem+PrivateMethods.h"; sourceTree = "<group>"; };
		7EB2890118AF7C7800EBCF11 /* SCItemRecord_UnitTest.h */ = {isa = PBXFileReference; lastKnownFileType = sourcecode.c.h; path = SCItemRecord_UnitTest.h; sourceTree = "<group>"; };
		7EB2890218AF7C9800EBCF11 /* SCItemRecord_Source.h */ = {isa = PBXFileReference; lastKnownFileType = sourcecode.c.h; path = SCItemRecord_Source.h; sourceTree = "<group>"; };
		7EB927BC18A9002C0007B062 /* SIBAllChildrenRequestBuilder.h */ = {isa = PBXFileReference; fileEncoding = 4; lastKnownFileType = sourcecode.c.h; path = SIBAllChildrenRequestBuilder.h; sourceTree = "<group>"; };
		7EB927BD18A9002C0007B062 /* SIBAllChildrenRequestBuilder.m */ = {isa = PBXFileReference; fileEncoding = 4; lastKnownFileType = sourcecode.c.objc; path = SIBAllChildrenRequestBuilder.m; sourceTree = "<group>"; };
		7EC6143918AD2F7D008E6011 /* AssignOnceListPropertiesTest.m */ = {isa = PBXFileReference; fileEncoding = 4; lastKnownFileType = sourcecode.c.objc; path = AssignOnceListPropertiesTest.m; sourceTree = "<group>"; };
		7EF614D718ABA8C300C648B4 /* SCItemListTextCell.h */ = {isa = PBXFileReference; fileEncoding = 4; lastKnownFileType = sourcecode.c.h; path = SCItemListTextCell.h; sourceTree = "<group>"; };
		7EF614D818ABA8C300C648B4 /* SCItemListTextCell.m */ = {isa = PBXFileReference; fileEncoding = 4; lastKnownFileType = sourcecode.c.objc; path = SCItemListTextCell.m; sourceTree = "<group>"; };
/* End PBXFileReference section */

/* Begin PBXFrameworksBuildPhase section */
		7E1D05A918A13D8E006EF056 /* Frameworks */ = {
			isa = PBXFrameworksBuildPhase;
			buildActionMask = 2147483647;
			files = (
				7E1D05B018A13D8E006EF056 /* Foundation.framework in Frameworks */,
				7E1D05D918A14105006EF056 /* SitecoreMobileSDK.framework in Frameworks */,
			);
			runOnlyForDeploymentPostprocessing = 0;
		};
		7E1D05B918A13D8E006EF056 /* Frameworks */ = {
			isa = PBXFrameworksBuildPhase;
			buildActionMask = 2147483647;
			files = (
				7E225BD318A24313009CEBEE /* MessageUI.framework in Frameworks */,
				7E225BD118A242FC009CEBEE /* UIKit.framework in Frameworks */,
				7E225BCF18A242D2009CEBEE /* AudioToolbox.framework in Frameworks */,
				7E225BCD18A242BF009CEBEE /* Twitter.framework in Frameworks */,
				7E225BCB18A242B0009CEBEE /* libiconv.dylib in Frameworks */,
				7E225BC918A24296009CEBEE /* Social.framework in Frameworks */,
				7E225BC618A24292009CEBEE /* EventKit.framework in Frameworks */,
				7E225BC718A24292009CEBEE /* EventKitUI.framework in Frameworks */,
				7E225BC318A24276009CEBEE /* MapKit.framework in Frameworks */,
				7E225BC118A24271009CEBEE /* libstdc++.dylib in Frameworks */,
				7E225BBF18A2426B009CEBEE /* libc++.dylib in Frameworks */,
				7E225BBD18A24254009CEBEE /* libxml2.dylib in Frameworks */,
				7E225BB518A2423E009CEBEE /* AVFoundation.framework in Frameworks */,
				7E225BB618A2423E009CEBEE /* CoreAudio.framework in Frameworks */,
				7E225BB718A2423E009CEBEE /* CoreGraphics.framework in Frameworks */,
				7E225BB818A2423E009CEBEE /* CoreLocation.framework in Frameworks */,
				7E225BB918A2423E009CEBEE /* CoreMedia.framework in Frameworks */,
				7E225BBA18A2423E009CEBEE /* CoreMotion.framework in Frameworks */,
				7E225BBB18A2423E009CEBEE /* CoreVideo.framework in Frameworks */,
				7E225BAC18A24220009CEBEE /* AddressBook.framework in Frameworks */,
				7E225BAD18A24220009CEBEE /* AddressBookUI.framework in Frameworks */,
				7E225BA918A2421B009CEBEE /* CFNetwork.framework in Frameworks */,
				7E225BA718A24211009CEBEE /* libz.dylib in Frameworks */,
				7E225BA518A2420C009CEBEE /* libsqlite3.dylib in Frameworks */,
				7E1D05BE18A13D8E006EF056 /* XCTest.framework in Frameworks */,
				7E1D05DA18A14105006EF056 /* SitecoreMobileSDK.framework in Frameworks */,
				7E1D05C418A13D8E006EF056 /* libSCItemsBrowser.a in Frameworks */,
				7E1D05BF18A13D8E006EF056 /* Foundation.framework in Frameworks */,
			);
			runOnlyForDeploymentPostprocessing = 0;
		};
/* End PBXFrameworksBuildPhase section */

/* Begin PBXGroup section */
		7E1D05A318A13D8E006EF056 = {
			isa = PBXGroup;
			children = (
				7E3CB67718A62A0F004D28BD /* libXCode5gcovPatch.a */,
				7E35B1F618A3976D000F30E8 /* .gitignore */,
				7E1D05D818A14105006EF056 /* SitecoreMobileSDK.framework */,
				7E1D05B118A13D8E006EF056 /* SCItemsBrowser */,
				7E1D05C518A13D8E006EF056 /* SCItemsBrowserTests */,
				7E1D05AE18A13D8E006EF056 /* Frameworks */,
				7E1D05AD18A13D8E006EF056 /* Products */,
			);
			sourceTree = "<group>";
		};
		7E1D05AD18A13D8E006EF056 /* Products */ = {
			isa = PBXGroup;
			children = (
				7E1D05AC18A13D8E006EF056 /* libSCItemsBrowser.a */,
				7E1D05BC18A13D8E006EF056 /* SCItemsBrowserTests.xctest */,
			);
			name = Products;
			sourceTree = "<group>";
		};
		7E1D05AE18A13D8E006EF056 /* Frameworks */ = {
			isa = PBXGroup;
			children = (
				7E225BD218A24313009CEBEE /* MessageUI.framework */,
				7E225BD018A242FC009CEBEE /* UIKit.framework */,
				7E225BCE18A242D2009CEBEE /* AudioToolbox.framework */,
				7E225BCC18A242BF009CEBEE /* Twitter.framework */,
				7E225BCA18A242B0009CEBEE /* libiconv.dylib */,
				7E225BC818A24296009CEBEE /* Social.framework */,
				7E225BC418A24292009CEBEE /* EventKit.framework */,
				7E225BC518A24292009CEBEE /* EventKitUI.framework */,
				7E225BC218A24276009CEBEE /* MapKit.framework */,
				7E225BC018A24271009CEBEE /* libstdc++.dylib */,
				7E225BBE18A2426B009CEBEE /* libc++.dylib */,
				7E225BBC18A24254009CEBEE /* libxml2.dylib */,
				7E225BAE18A2423E009CEBEE /* AVFoundation.framework */,
				7E225BAF18A2423E009CEBEE /* CoreAudio.framework */,
				7E225BB018A2423E009CEBEE /* CoreGraphics.framework */,
				7E225BB118A2423E009CEBEE /* CoreLocation.framework */,
				7E225BB218A2423E009CEBEE /* CoreMedia.framework */,
				7E225BB318A2423E009CEBEE /* CoreMotion.framework */,
				7E225BB418A2423E009CEBEE /* CoreVideo.framework */,
				7E225BAA18A24220009CEBEE /* AddressBook.framework */,
				7E225BAB18A24220009CEBEE /* AddressBookUI.framework */,
				7E225BA818A2421B009CEBEE /* CFNetwork.framework */,
				7E225BA618A24211009CEBEE /* libz.dylib */,
				7E225BA418A2420C009CEBEE /* libsqlite3.dylib */,
				7E1D05AF18A13D8E006EF056 /* Foundation.framework */,
				7E1D05BD18A13D8E006EF056 /* XCTest.framework */,
				7E1D05C018A13D8E006EF056 /* UIKit.framework */,
			);
			name = Frameworks;
			sourceTree = "<group>";
		};
		7E1D05B118A13D8E006EF056 /* SCItemsBrowser */ = {
			isa = PBXGroup;
			children = (
				7E1D05E518A14F6D006EF056 /* Appearance */,
				7E1D05E818A14F6D006EF056 /* CellFactory */,
				7E1D05EB18A14FB3006EF056 /* Grid */,
				7E1D05EC18A14FB3006EF056 /* List */,
				7E225BE918A28EDF009CEBEE /* FileManager */,
				7EB927BB18A900180007B062 /* RequestBuilder */,
				7E52E0CD18ACB7BC004DF524 /* SCItem-Extenstions */,
				7E1D05B418A13D8E006EF056 /* SCItemsBrowser.h */,
				7E1D05D518A13DB0006EF056 /* SCItemsBrowserView.h */,
				7E1D05D618A13DB0006EF056 /* SCItemsBrowserView.m */,
				7E34F72E18AA482200B5D62E /* SCItemsBrowserInitialization.h */,
				7E225BE818A28E85009CEBEE /* SCItemsBrowserProtocol.h */,
				7E1D05E218A14B95006EF056 /* SCItemCell.h */,
				7E1D05E118A14AC0006EF056 /* SCItemsBrowserDelegate.h */,
				7E225BE318A28715009CEBEE /* SCItemsLevelRequestBuilder.h */,
				7E1D05B218A13D8E006EF056 /* Supporting Files */,
			);
			path = SCItemsBrowser;
			sourceTree = "<group>";
		};
		7E1D05B218A13D8E006EF056 /* Supporting Files */ = {
			isa = PBXGroup;
			children = (
				7E1D05B318A13D8E006EF056 /* SCItemsBrowser-Prefix.pch */,
			);
			name = "Supporting Files";
			sourceTree = "<group>";
		};
		7E1D05C518A13D8E006EF056 /* SCItemsBrowserTests */ = {
			isa = PBXGroup;
			children = (
				7EB288FF18AF7C7800EBCF11 /* MobileSDK-Private */,
				7EAB808418A5278A00C73F62 /* Stubs */,
				7EAB809518A528A000C73F62 /* Hooks */,
				7E1D05CB18A13D8E006EF056 /* AssignOncePropertiesTest.m */,
				7EC6143918AD2F7D008E6011 /* AssignOnceListPropertiesTest.m */,
				7E225BED18A296D0009CEBEE /* ItemsFileManagerTest.m */,
				7EAB808218A5209900C73F62 /* ItemsFileManagerHistoryTest.m */,
				7E3BF9EF18A8C240001454C5 /* HelperStructuresTest.m */,
				7EA19EDB18AD34CD00DD18CD /* WhiteListRequestBuilderTest.m */,
				7E84902618AF863C00B1EE15 /* BlackListRequestBuilderTest.m */,
				7E06395F18B0090600259037 /* AllChildrenRequestBuilderTest.m */,
				7E58471618B00CF5001057B9 /* ItemListTextCellTest.m */,
				7E1D05C618A13D8E006EF056 /* Supporting Files */,
			);
			path = SCItemsBrowserTests;
			sourceTree = "<group>";
		};
		7E1D05C618A13D8E006EF056 /* Supporting Files */ = {
			isa = PBXGroup;
			children = (
				7E1D05C718A13D8E006EF056 /* SCItemsBrowserTests-Info.plist */,
				7E1D05C818A13D8E006EF056 /* InfoPlist.strings */,
			);
			name = "Supporting Files";
			sourceTree = "<group>";
		};
		7E1D05E518A14F6D006EF056 /* Appearance */ = {
			isa = PBXGroup;
			children = (
				7E1D05E618A14F6D006EF056 /* SIBGridModeAppearance.h */,
				7E1D05E718A14F6D006EF056 /* SIBListModeAppearance.h */,
			);
			path = Appearance;
			sourceTree = "<group>";
		};
		7E1D05E818A14F6D006EF056 /* CellFactory */ = {
			isa = PBXGroup;
			children = (
				7E1D05E918A14F6D006EF056 /* SIBGridModeCellFactory.h */,
				7E1D05EA18A14F6D006EF056 /* SIBListModeCellFactory.h */,
			);
			path = CellFactory;
			sourceTree = "<group>";
		};
		7E1D05EB18A14FB3006EF056 /* Grid */ = {
			isa = PBXGroup;
			children = (
				7E1D05F318A1525B006EF056 /* SCItemGridCell.h */,
				7E1D05F418A1525B006EF056 /* SCItemGridCell.m */,
			);
			path = Grid;
			sourceTree = "<group>";
		};
		7E1D05EC18A14FB3006EF056 /* List */ = {
			isa = PBXGroup;
			children = (
				7E1D05F018A15235006EF056 /* SCItemListCell.h */,
				7E1D05F118A15235006EF056 /* SCItemListCell.m */,
				7E34F72B18AA45E700B5D62E /* SCItemListBrowser.h */,
				7E34F72C18AA45E700B5D62E /* SCItemListBrowser.mm */,
				7EF614D718ABA8C300C648B4 /* SCItemListTextCell.h */,
				7EF614D818ABA8C300C648B4 /* SCItemListTextCell.m */,
				7E73B44A18ABD17500950AEB /* SCMediaItemListCell.h */,
				7E73B44B18ABD17500950AEB /* SCMediaItemListCell.m */,
			);
			path = List;
			sourceTree = "<group>";
		};
		7E225BE918A28EDF009CEBEE /* FileManager */ = {
			isa = PBXGroup;
			children = (
				7E225BEA18A2968B009CEBEE /* SCItemsFileManager.h */,
				7E225BEB18A2968B009CEBEE /* SCItemsFileManager.m */,
				7EAB807318A4E9D800C73F62 /* SCItemsFileManagerCallbacks.h */,
				7EAB807418A4E9D800C73F62 /* SCItemsFileManagerCallbacks.m */,
				7E35B1F318A37D6D000F30E8 /* SCItemsFileManager+UnitTest.h */,
				7EAB807618A4EDE300C73F62 /* SCLevelsHistory.h */,
				7EAB807718A4EDE300C73F62 /* SCLevelsHistory.m */,
				7EAB807918A503A000C73F62 /* SCLevelInfoPOD.h */,
				7EAB807A18A503A000C73F62 /* SCLevelInfoPOD.m */,
				7EAB807C18A5120B00C73F62 /* SCLevelResponse.h */,
				7EAB807D18A5120B00C73F62 /* SCLevelResponse.m */,
				7E40D84418A91C1500CE98BF /* SCLevelUpItem.h */,
				7E40D84518A91C1500CE98BF /* SCLevelUpItem.m */,
			);
			path = FileManager;
			sourceTree = "<group>";
		};
		7E52E0CD18ACB7BC004DF524 /* SCItem-Extenstions */ = {
			isa = PBXGroup;
			children = (
				7E52E0CE18ACB7D2004DF524 /* SCItem+Media.h */,
				7E52E0CF18ACB7D2004DF524 /* SCItem+Media.m */,
			);
			path = "SCItem-Extenstions";
			sourceTree = "<group>";
		};
		7EAB808418A5278A00C73F62 /* Stubs */ = {
			isa = PBXGroup;
			children = (
				7EAB809418A527AE00C73F62 /* ItemsBrowserTestStubs.h */,
				7EAB808518A5278A00C73F62 /* StubCellFactory.h */,
				7EAB808618A5278A00C73F62 /* StubCellFactory.m */,
				7EAB808718A5278A00C73F62 /* StubGridModeTheme.h */,
				7EAB808818A5278A00C73F62 /* StubGridModeTheme.m */,
				7EAB808918A5278A00C73F62 /* StubItemsBrowserDelegate.h */,
				7EAB808A18A5278A00C73F62 /* StubItemsBrowserDelegate.m */,
				7EAB808B18A5278A00C73F62 /* StubListModeTheme.h */,
				7EAB808C18A5278A00C73F62 /* StubListModeTheme.m */,
				7EAB808D18A5278A00C73F62 /* StubRequestBuilder.h */,
				7EAB808E18A5278A00C73F62 /* StubRequestBuilder.m */,
			);
			path = Stubs;
			sourceTree = "<group>";
		};
		7EAB809518A528A000C73F62 /* Hooks */ = {
			isa = PBXGroup;
			children = (
				7EAB809618A528C700C73F62 /* ItemsLevelOperationBuilderHook.h */,
				7EAB809718A528C700C73F62 /* ItemsLevelOperationBuilderHook.m */,
			);
			path = Hooks;
			sourceTree = "<group>";
		};
		7EB288FF18AF7C7800EBCF11 /* MobileSDK-Private */ = {
			isa = PBXGroup;
			children = (
				7EB2890018AF7C7800EBCF11 /* SCItem+PrivateMethods.h */,
				7EB2890118AF7C7800EBCF11 /* SCItemRecord_UnitTest.h */,
				7EB2890218AF7C9800EBCF11 /* SCItemRecord_Source.h */,
			);
			name = "MobileSDK-Private";
			path = "frameworks/MobileSDK-Private";
			sourceTree = SOURCE_ROOT;
		};
		7EB927BB18A900180007B062 /* RequestBuilder */ = {
			isa = PBXGroup;
			children = (
				7EB927BC18A9002C0007B062 /* SIBAllChildrenRequestBuilder.h */,
				7EB927BD18A9002C0007B062 /* SIBAllChildrenRequestBuilder.m */,
				7E34F72818AA2E9500B5D62E /* SIBAbstractTemplateListRequestBuilder.h */,
				7E34F72918AA2E9500B5D62E /* SIBAbstractTemplateListRequestBuilder.m */,
				7E40D84718A9357500CE98BF /* SIBWhiteListTemplateRequestBuilder.h */,
				7E40D84818A9357500CE98BF /* SIBWhiteListTemplateRequestBuilder.m */,
				7E34F72518AA2C0A00B5D62E /* SIBBlackListTemplateRequestBuilder.h */,
				7E34F72618AA2C0A00B5D62E /* SIBBlackListTemplateRequestBuilder.m */,
			);
			path = RequestBuilder;
			sourceTree = "<group>";
		};
/* End PBXGroup section */

/* Begin PBXNativeTarget section */
		7E1D05AB18A13D8E006EF056 /* SCItemsBrowser */ = {
			isa = PBXNativeTarget;
			buildConfigurationList = 7E1D05CF18A13D8E006EF056 /* Build configuration list for PBXNativeTarget "SCItemsBrowser" */;
			buildPhases = (
				7E1D05A818A13D8E006EF056 /* Sources */,
				7E1D05A918A13D8E006EF056 /* Frameworks */,
				7E1D05AA18A13D8E006EF056 /* CopyFiles */,
			);
			buildRules = (
			);
			dependencies = (
			);
			name = SCItemsBrowser;
			productName = SCItemsBrowser;
			productReference = 7E1D05AC18A13D8E006EF056 /* libSCItemsBrowser.a */;
			productType = "com.apple.product-type.library.static";
		};
		7E1D05BB18A13D8E006EF056 /* SCItemsBrowserTests */ = {
			isa = PBXNativeTarget;
			buildConfigurationList = 7E1D05D218A13D8E006EF056 /* Build configuration list for PBXNativeTarget "SCItemsBrowserTests" */;
			buildPhases = (
				7E1D05B818A13D8E006EF056 /* Sources */,
				7E1D05B918A13D8E006EF056 /* Frameworks */,
				7E1D05BA18A13D8E006EF056 /* Resources */,
			);
			buildRules = (
			);
			dependencies = (
				7E1D05C318A13D8E006EF056 /* PBXTargetDependency */,
			);
			name = SCItemsBrowserTests;
			productName = SCItemsBrowserTests;
			productReference = 7E1D05BC18A13D8E006EF056 /* SCItemsBrowserTests.xctest */;
			productType = "com.apple.product-type.bundle.unit-test";
		};
/* End PBXNativeTarget section */

/* Begin PBXProject section */
		7E1D05A418A13D8E006EF056 /* Project object */ = {
			isa = PBXProject;
			attributes = {
				LastUpgradeCheck = 0500;
				ORGANIZATIONNAME = Sitecore;
			};
			buildConfigurationList = 7E1D05A718A13D8E006EF056 /* Build configuration list for PBXProject "SCItemsBrowser" */;
			compatibilityVersion = "Xcode 3.2";
			developmentRegion = English;
			hasScannedForEncodings = 0;
			knownRegions = (
				en,
			);
			mainGroup = 7E1D05A318A13D8E006EF056;
			productRefGroup = 7E1D05AD18A13D8E006EF056 /* Products */;
			projectDirPath = "";
			projectRoot = "";
			targets = (
				7E1D05AB18A13D8E006EF056 /* SCItemsBrowser */,
				7E1D05BB18A13D8E006EF056 /* SCItemsBrowserTests */,
			);
		};
/* End PBXProject section */

/* Begin PBXResourcesBuildPhase section */
		7E1D05BA18A13D8E006EF056 /* Resources */ = {
			isa = PBXResourcesBuildPhase;
			buildActionMask = 2147483647;
			files = (
				7E1D05CA18A13D8E006EF056 /* InfoPlist.strings in Resources */,
			);
			runOnlyForDeploymentPostprocessing = 0;
		};
/* End PBXResourcesBuildPhase section */

/* Begin PBXSourcesBuildPhase section */
		7E1D05A818A13D8E006EF056 /* Sources */ = {
			isa = PBXSourcesBuildPhase;
			buildActionMask = 2147483647;
			files = (
				7E1D05F218A15235006EF056 /* SCItemListCell.m in Sources */,
				7E52E0D018ACB7D2004DF524 /* SCItem+Media.m in Sources */,
				7E73B44C18ABD17500950AEB /* SCMediaItemListCell.m in Sources */,
				7EAB807E18A5120B00C73F62 /* SCLevelResponse.m in Sources */,
				7E40D84618A91C1500CE98BF /* SCLevelUpItem.m in Sources */,
				7E1D05F518A1525B006EF056 /* SCItemGridCell.m in Sources */,
				7EAB807B18A503A000C73F62 /* SCLevelInfoPOD.m in Sources */,
				7E40D84918A9357500CE98BF /* SIBWhiteListTemplateRequestBuilder.m in Sources */,
				7EB927BE18A9002C0007B062 /* SIBAllChildrenRequestBuilder.m in Sources */,
				7E34F72D18AA45E700B5D62E /* SCItemListBrowser.mm in Sources */,
				7EAB807518A4E9D800C73F62 /* SCItemsFileManagerCallbacks.m in Sources */,
				7E225BEC18A2968B009CEBEE /* SCItemsFileManager.m in Sources */,
				7EF614D918ABA8C300C648B4 /* SCItemListTextCell.m in Sources */,
				7E1D05D718A13DB0006EF056 /* SCItemsBrowserView.m in Sources */,
				7E34F72718AA2C0A00B5D62E /* SIBBlackListTemplateRequestBuilder.m in Sources */,
				7E34F72A18AA2E9500B5D62E /* SIBAbstractTemplateListRequestBuilder.m in Sources */,
				7EAB807818A4EDE300C73F62 /* SCLevelsHistory.m in Sources */,
			);
			runOnlyForDeploymentPostprocessing = 0;
		};
		7E1D05B818A13D8E006EF056 /* Sources */ = {
			isa = PBXSourcesBuildPhase;
			buildActionMask = 2147483647;
			files = (
				7EC6143A18AD2F7D008E6011 /* AssignOnceListPropertiesTest.m in Sources */,
				7EAB809018A5278A00C73F62 /* StubGridModeTheme.m in Sources */,
				7EAB809118A5278A00C73F62 /* StubItemsBrowserDelegate.m in Sources */,
				7E225BEE18A296D0009CEBEE /* ItemsFileManagerTest.m in Sources */,
				7E3BF9F018A8C240001454C5 /* HelperStructuresTest.m in Sources */,
				7E58471718B00CF5001057B9 /* ItemListTextCellTest.m in Sources */,
				7EA19EDC18AD34CD00DD18CD /* WhiteListRequestBuilderTest.m in Sources */,
				7EAB809218A5278A00C73F62 /* StubListModeTheme.m in Sources */,
				7E1D05CC18A13D8E006EF056 /* AssignOncePropertiesTest.m in Sources */,
				7EAB808F18A5278A00C73F62 /* StubCellFactory.m in Sources */,
				7EAB809818A528C700C73F62 /* ItemsLevelOperationBuilderHook.m in Sources */,
				7E06396018B0090600259037 /* AllChildrenRequestBuilderTest.m in Sources */,
				7E84902718AF863C00B1EE15 /* BlackListRequestBuilderTest.m in Sources */,
				7EAB808318A5209900C73F62 /* ItemsFileManagerHistoryTest.m in Sources */,
				7EAB809318A5278A00C73F62 /* StubRequestBuilder.m in Sources */,
			);
			runOnlyForDeploymentPostprocessing = 0;
		};
/* End PBXSourcesBuildPhase section */

/* Begin PBXTargetDependency section */
		7E1D05C318A13D8E006EF056 /* PBXTargetDependency */ = {
			isa = PBXTargetDependency;
			target = 7E1D05AB18A13D8E006EF056 /* SCItemsBrowser */;
			targetProxy = 7E1D05C218A13D8E006EF056 /* PBXContainerItemProxy */;
		};
/* End PBXTargetDependency section */

/* Begin PBXVariantGroup section */
		7E1D05C818A13D8E006EF056 /* InfoPlist.strings */ = {
			isa = PBXVariantGroup;
			children = (
				7E1D05C918A13D8E006EF056 /* en */,
			);
			name = InfoPlist.strings;
			sourceTree = "<group>";
		};
/* End PBXVariantGroup section */

/* Begin XCBuildConfiguration section */
		7E1D05CD18A13D8E006EF056 /* Debug */ = {
			isa = XCBuildConfiguration;
			buildSettings = {
				ALWAYS_SEARCH_USER_PATHS = NO;
				ARCHS = "$(ARCHS_STANDARD_INCLUDING_64_BIT)";
				CLANG_ANALYZER_SECURITY_FLOATLOOPCOUNTER = YES;
				CLANG_ANALYZER_SECURITY_INSECUREAPI_RAND = YES;
				CLANG_ANALYZER_SECURITY_INSECUREAPI_STRCPY = YES;
				CLANG_CXX_LANGUAGE_STANDARD = "gnu++0x";
				CLANG_CXX_LIBRARY = "libc++";
				CLANG_ENABLE_MODULES = YES;
				CLANG_ENABLE_OBJC_ARC = YES;
				CLANG_WARN_BOOL_CONVERSION = YES;
				CLANG_WARN_CONSTANT_CONVERSION = YES;
				CLANG_WARN_CXX0X_EXTENSIONS = YES;
				CLANG_WARN_DIRECT_OBJC_ISA_USAGE = YES_ERROR;
				CLANG_WARN_EMPTY_BODY = YES;
				CLANG_WARN_ENUM_CONVERSION = YES;
				CLANG_WARN_IMPLICIT_SIGN_CONVERSION = YES;
				CLANG_WARN_INT_CONVERSION = YES;
				CLANG_WARN_OBJC_IMPLICIT_ATOMIC_PROPERTIES = YES;
				CLANG_WARN_OBJC_IMPLICIT_RETAIN_SELF = YES;
				CLANG_WARN_OBJC_ROOT_CLASS = YES_ERROR;
				CLANG_WARN_SUSPICIOUS_IMPLICIT_CONVERSION = YES;
				CLANG_WARN__DUPLICATE_METHOD_MATCH = YES;
				COPY_PHASE_STRIP = NO;
				FRAMEWORK_SEARCH_PATHS = ./frameworks;
				GCC_C_LANGUAGE_STANDARD = gnu99;
				GCC_DYNAMIC_NO_PIC = NO;
				GCC_OPTIMIZATION_LEVEL = 0;
				GCC_PREPROCESSOR_DEFINITIONS = (
					"DEBUG=1",
					"$(inherited)",
				);
				GCC_SYMBOLS_PRIVATE_EXTERN = NO;
				GCC_TREAT_WARNINGS_AS_ERRORS = YES;
				GCC_WARN_64_TO_32_BIT_CONVERSION = YES;
				GCC_WARN_ABOUT_MISSING_NEWLINE = YES;
				GCC_WARN_ABOUT_RETURN_TYPE = YES_ERROR;
				GCC_WARN_NON_VIRTUAL_DESTRUCTOR = YES;
				GCC_WARN_PEDANTIC = YES;
				GCC_WARN_SIGN_COMPARE = YES;
				GCC_WARN_UNDECLARED_SELECTOR = YES;
				GCC_WARN_UNINITIALIZED_AUTOS = YES;
				GCC_WARN_UNUSED_FUNCTION = YES;
				GCC_WARN_UNUSED_VARIABLE = YES;
				HEADER_SEARCH_PATHS = (
					"$(inherited)",
					/Applications/Xcode.app/Contents/Developer/Toolchains/XcodeDefault.xctoolchain/usr/include,
					.,
					./frameworks,
				);
				IPHONEOS_DEPLOYMENT_TARGET = 7.0;
				ONLY_ACTIVE_ARCH = YES;
				OTHER_LDFLAGS = "-all_load";
				SDKROOT = iphoneos;
			};
			name = Debug;
		};
		7E1D05CE18A13D8E006EF056 /* Release */ = {
			isa = XCBuildConfiguration;
			buildSettings = {
				ALWAYS_SEARCH_USER_PATHS = NO;
				ARCHS = "$(ARCHS_STANDARD_INCLUDING_64_BIT)";
				CLANG_ANALYZER_SECURITY_FLOATLOOPCOUNTER = YES;
				CLANG_ANALYZER_SECURITY_INSECUREAPI_RAND = YES;
				CLANG_ANALYZER_SECURITY_INSECUREAPI_STRCPY = YES;
				CLANG_CXX_LANGUAGE_STANDARD = "gnu++0x";
				CLANG_CXX_LIBRARY = "libc++";
				CLANG_ENABLE_MODULES = YES;
				CLANG_ENABLE_OBJC_ARC = YES;
				CLANG_WARN_BOOL_CONVERSION = YES;
				CLANG_WARN_CONSTANT_CONVERSION = YES;
				CLANG_WARN_CXX0X_EXTENSIONS = YES;
				CLANG_WARN_DIRECT_OBJC_ISA_USAGE = YES_ERROR;
				CLANG_WARN_EMPTY_BODY = YES;
				CLANG_WARN_ENUM_CONVERSION = YES;
				CLANG_WARN_IMPLICIT_SIGN_CONVERSION = YES;
				CLANG_WARN_INT_CONVERSION = YES;
				CLANG_WARN_OBJC_IMPLICIT_ATOMIC_PROPERTIES = YES;
				CLANG_WARN_OBJC_IMPLICIT_RETAIN_SELF = YES;
				CLANG_WARN_OBJC_ROOT_CLASS = YES_ERROR;
				CLANG_WARN_SUSPICIOUS_IMPLICIT_CONVERSION = YES;
				CLANG_WARN__DUPLICATE_METHOD_MATCH = YES;
				COPY_PHASE_STRIP = YES;
				ENABLE_NS_ASSERTIONS = NO;
				FRAMEWORK_SEARCH_PATHS = ./frameworks;
				GCC_C_LANGUAGE_STANDARD = gnu99;
				GCC_TREAT_WARNINGS_AS_ERRORS = YES;
				GCC_WARN_64_TO_32_BIT_CONVERSION = YES;
				GCC_WARN_ABOUT_MISSING_NEWLINE = YES;
				GCC_WARN_ABOUT_RETURN_TYPE = YES_ERROR;
				GCC_WARN_NON_VIRTUAL_DESTRUCTOR = YES;
				GCC_WARN_PEDANTIC = YES;
				GCC_WARN_SIGN_COMPARE = YES;
				GCC_WARN_UNDECLARED_SELECTOR = YES;
				GCC_WARN_UNINITIALIZED_AUTOS = YES;
				GCC_WARN_UNUSED_FUNCTION = YES;
				GCC_WARN_UNUSED_VARIABLE = YES;
				HEADER_SEARCH_PATHS = (
					"$(inherited)",
					/Applications/Xcode.app/Contents/Developer/Toolchains/XcodeDefault.xctoolchain/usr/include,
					.,
					./frameworks,
				);
				IPHONEOS_DEPLOYMENT_TARGET = 7.0;
				OTHER_LDFLAGS = "-all_load";
				SDKROOT = iphoneos;
				VALIDATE_PRODUCT = YES;
			};
			name = Release;
		};
		7E1D05D018A13D8E006EF056 /* Debug */ = {
			isa = XCBuildConfiguration;
			buildSettings = {
				DSTROOT = /tmp/SCItemsBrowser.dst;
				FRAMEWORK_SEARCH_PATHS = (
					"$(inherited)",
					"../SCItemsBrowser-iOS",
				);
				GCC_PRECOMPILE_PREFIX_HEADER = YES;
				GCC_PREFIX_HEADER = "SCItemsBrowser/SCItemsBrowser-Prefix.pch";
				OTHER_LDFLAGS = "-ObjC";
				PRODUCT_NAME = "$(TARGET_NAME)";
				SKIP_INSTALL = YES;
			};
			name = Debug;
		};
		7E1D05D118A13D8E006EF056 /* Release */ = {
			isa = XCBuildConfiguration;
			buildSettings = {
				DSTROOT = /tmp/SCItemsBrowser.dst;
				FRAMEWORK_SEARCH_PATHS = (
					"$(inherited)",
					"../SCItemsBrowser-iOS",
				);
				GCC_PRECOMPILE_PREFIX_HEADER = YES;
				GCC_PREFIX_HEADER = "SCItemsBrowser/SCItemsBrowser-Prefix.pch";
				OTHER_LDFLAGS = "-ObjC";
				PRODUCT_NAME = "$(TARGET_NAME)";
				SKIP_INSTALL = YES;
			};
			name = Release;
		};
		7E1D05D318A13D8E006EF056 /* Debug */ = {
			isa = XCBuildConfiguration;
			buildSettings = {
				ARCHS = "$(ARCHS_STANDARD_INCLUDING_64_BIT)";
				FRAMEWORK_SEARCH_PATHS = (
					"$(SDKROOT)/Developer/Library/Frameworks",
					"$(inherited)",
					"$(DEVELOPER_FRAMEWORKS_DIR)",
				);
				GCC_PRECOMPILE_PREFIX_HEADER = YES;
				GCC_PREFIX_HEADER = "SCItemsBrowser/SCItemsBrowser-Prefix.pch";
				GCC_PREPROCESSOR_DEFINITIONS = (
					"DEBUG=1",
					"$(inherited)",
				);
				GCC_WARN_PEDANTIC = NO;
				INFOPLIST_FILE = "SCItemsBrowserTests/SCItemsBrowserTests-Info.plist";
				LIBRARY_SEARCH_PATHS = (
					"$(inherited)",
					.,
				);
				PRODUCT_NAME = "$(TARGET_NAME)";
				WRAPPER_EXTENSION = xctest;
			};
			name = Debug;
		};
		7E1D05D418A13D8E006EF056 /* Release */ = {
			isa = XCBuildConfiguration;
			buildSettings = {
				ARCHS = "$(ARCHS_STANDARD_INCLUDING_64_BIT)";
				FRAMEWORK_SEARCH_PATHS = (
					"$(SDKROOT)/Developer/Library/Frameworks",
					"$(inherited)",
					"$(DEVELOPER_FRAMEWORKS_DIR)",
				);
				GCC_PRECOMPILE_PREFIX_HEADER = YES;
				GCC_PREFIX_HEADER = "SCItemsBrowser/SCItemsBrowser-Prefix.pch";
				GCC_WARN_PEDANTIC = NO;
				INFOPLIST_FILE = "SCItemsBrowserTests/SCItemsBrowserTests-Info.plist";
				LIBRARY_SEARCH_PATHS = (
					"$(inherited)",
					.,
				);
				PRODUCT_NAME = "$(TARGET_NAME)";
				WRAPPER_EXTENSION = xctest;
			};
			name = Release;
		};
		7E1D05DD18A14500006EF056 /* Coverage */ = {
			isa = XCBuildConfiguration;
			buildSettings = {
				ALWAYS_SEARCH_USER_PATHS = NO;
				ARCHS = "$(ARCHS_STANDARD_INCLUDING_64_BIT)";
				CLANG_ANALYZER_SECURITY_FLOATLOOPCOUNTER = YES;
				CLANG_ANALYZER_SECURITY_INSECUREAPI_RAND = YES;
				CLANG_ANALYZER_SECURITY_INSECUREAPI_STRCPY = YES;
				CLANG_CXX_LANGUAGE_STANDARD = "gnu++0x";
				CLANG_CXX_LIBRARY = "libc++";
				CLANG_ENABLE_MODULES = YES;
				CLANG_ENABLE_OBJC_ARC = YES;
				CLANG_WARN_BOOL_CONVERSION = YES;
				CLANG_WARN_CONSTANT_CONVERSION = YES;
				CLANG_WARN_CXX0X_EXTENSIONS = YES;
				CLANG_WARN_DIRECT_OBJC_ISA_USAGE = YES_ERROR;
				CLANG_WARN_EMPTY_BODY = YES;
				CLANG_WARN_ENUM_CONVERSION = YES;
				CLANG_WARN_IMPLICIT_SIGN_CONVERSION = YES;
				CLANG_WARN_INT_CONVERSION = YES;
				CLANG_WARN_OBJC_IMPLICIT_ATOMIC_PROPERTIES = YES;
				CLANG_WARN_OBJC_IMPLICIT_RETAIN_SELF = YES;
				CLANG_WARN_OBJC_ROOT_CLASS = YES_ERROR;
				CLANG_WARN_SUSPICIOUS_IMPLICIT_CONVERSION = YES;
				CLANG_WARN__DUPLICATE_METHOD_MATCH = YES;
				COPY_PHASE_STRIP = NO;
				FRAMEWORK_SEARCH_PATHS = ./frameworks;
				GCC_C_LANGUAGE_STANDARD = gnu99;
				GCC_DYNAMIC_NO_PIC = NO;
				GCC_GENERATE_TEST_COVERAGE_FILES = YES;
				GCC_INSTRUMENT_PROGRAM_FLOW_ARCS = YES;
				GCC_OPTIMIZATION_LEVEL = 0;
				GCC_PREPROCESSOR_DEFINITIONS = (
					"DEBUG=1",
					"$(inherited)",
				);
				GCC_SYMBOLS_PRIVATE_EXTERN = NO;
				GCC_TREAT_WARNINGS_AS_ERRORS = YES;
				GCC_WARN_64_TO_32_BIT_CONVERSION = YES;
				GCC_WARN_ABOUT_MISSING_NEWLINE = YES;
				GCC_WARN_ABOUT_RETURN_TYPE = YES_ERROR;
				GCC_WARN_NON_VIRTUAL_DESTRUCTOR = YES;
				GCC_WARN_PEDANTIC = YES;
				GCC_WARN_SIGN_COMPARE = YES;
				GCC_WARN_UNDECLARED_SELECTOR = YES;
				GCC_WARN_UNINITIALIZED_AUTOS = YES;
				GCC_WARN_UNUSED_FUNCTION = YES;
				GCC_WARN_UNUSED_VARIABLE = YES;
				HEADER_SEARCH_PATHS = (
					"$(inherited)",
					/Applications/Xcode.app/Contents/Developer/Toolchains/XcodeDefault.xctoolchain/usr/include,
					.,
					./frameworks,
				);
				IPHONEOS_DEPLOYMENT_TARGET = 7.0;
				ONLY_ACTIVE_ARCH = YES;
				OTHER_LDFLAGS = (
					"-all_load",
					"-lXCode5gcovPatch",
					"-L./frameworks",
				);
				SDKROOT = iphoneos;
			};
			name = Coverage;
		};
		7E1D05DE18A14500006EF056 /* Coverage */ = {
			isa = XCBuildConfiguration;
			buildSettings = {
				DSTROOT = /tmp/SCItemsBrowser.dst;
				FRAMEWORK_SEARCH_PATHS = (
					"$(inherited)",
					"../SCItemsBrowser-iOS",
				);
				GCC_PRECOMPILE_PREFIX_HEADER = YES;
				GCC_PREFIX_HEADER = "SCItemsBrowser/SCItemsBrowser-Prefix.pch";
				OTHER_LDFLAGS = "-ObjC";
				PRODUCT_NAME = "$(TARGET_NAME)";
				SKIP_INSTALL = YES;
			};
			name = Coverage;
		};
		7E1D05DF18A14500006EF056 /* Coverage */ = {
			isa = XCBuildConfiguration;
			buildSettings = {
				ARCHS = "$(ARCHS_STANDARD_INCLUDING_64_BIT)";
				FRAMEWORK_SEARCH_PATHS = (
					"$(SDKROOT)/Developer/Library/Frameworks",
					"$(inherited)",
					"$(DEVELOPER_FRAMEWORKS_DIR)",
				);
				GCC_PRECOMPILE_PREFIX_HEADER = YES;
				GCC_PREFIX_HEADER = "SCItemsBrowser/SCItemsBrowser-Prefix.pch";
				GCC_PREPROCESSOR_DEFINITIONS = (
					"DEBUG=1",
					"$(inherited)",
				);
				GCC_WARN_PEDANTIC = NO;
				INFOPLIST_FILE = "SCItemsBrowserTests/SCItemsBrowserTests-Info.plist";
				LIBRARY_SEARCH_PATHS = (
					"$(inherited)",
					.,
				);
				PRODUCT_NAME = "$(TARGET_NAME)";
				WRAPPER_EXTENSION = xctest;
			};
			name = Coverage;
		};
/* End XCBuildConfiguration section */

/* Begin XCConfigurationList section */
		7E1D05A718A13D8E006EF056 /* Build configuration list for PBXProject "SCItemsBrowser" */ = {
			isa = XCConfigurationList;
			buildConfigurations = (
				7E1D05CD18A13D8E006EF056 /* Debug */,
				7E1D05DD18A14500006EF056 /* Coverage */,
				7E1D05CE18A13D8E006EF056 /* Release */,
			);
			defaultConfigurationIsVisible = 0;
			defaultConfigurationName = Release;
		};
		7E1D05CF18A13D8E006EF056 /* Build configuration list for PBXNativeTarget "SCItemsBrowser" */ = {
			isa = XCConfigurationList;
			buildConfigurations = (
				7E1D05D018A13D8E006EF056 /* Debug */,
				7E1D05DE18A14500006EF056 /* Coverage */,
				7E1D05D118A13D8E006EF056 /* Release */,
			);
			defaultConfigurationIsVisible = 0;
			defaultConfigurationName = Release;
		};
		7E1D05D218A13D8E006EF056 /* Build configuration list for PBXNativeTarget "SCItemsBrowserTests" */ = {
			isa = XCConfigurationList;
			buildConfigurations = (
				7E1D05D318A13D8E006EF056 /* Debug */,
				7E1D05DF18A14500006EF056 /* Coverage */,
				7E1D05D418A13D8E006EF056 /* Release */,
			);
			defaultConfigurationIsVisible = 0;
			defaultConfigurationName = Release;
		};
/* End XCConfigurationList section */
	};
	rootObject = 7E1D05A418A13D8E006EF056 /* Project object */;
}
