// !$*UTF8*$!
{
	archiveVersion = 1;
	classes = {
	};
	objectVersion = 46;
	objects = {

/* Begin PBXBuildFile section */
		7E4341E118BC7DE50094C33D /* Foundation.framework in Frameworks */ = {isa = PBXBuildFile; fileRef = 7E4341E018BC7DE50094C33D /* Foundation.framework */; };
		7E4341E318BC7DE50094C33D /* CoreGraphics.framework in Frameworks */ = {isa = PBXBuildFile; fileRef = 7E4341E218BC7DE50094C33D /* CoreGraphics.framework */; };
		7E4341E518BC7DE50094C33D /* UIKit.framework in Frameworks */ = {isa = PBXBuildFile; fileRef = 7E4341E418BC7DE50094C33D /* UIKit.framework */; };
		7E4341EB18BC7DE50094C33D /* InfoPlist.strings in Resources */ = {isa = PBXBuildFile; fileRef = 7E4341E918BC7DE50094C33D /* InfoPlist.strings */; };
		7E4341ED18BC7DE50094C33D /* main.m in Sources */ = {isa = PBXBuildFile; fileRef = 7E4341EC18BC7DE50094C33D /* main.m */; };
		7E4341F118BC7DE50094C33D /* GBAppDelegate.m in Sources */ = {isa = PBXBuildFile; fileRef = 7E4341F018BC7DE50094C33D /* GBAppDelegate.m */; };
		7E4341F418BC7DE50094C33D /* Main.storyboard in Resources */ = {isa = PBXBuildFile; fileRef = 7E4341F218BC7DE50094C33D /* Main.storyboard */; };
		7E4341F718BC7DE50094C33D /* GBViewController.m in Sources */ = {isa = PBXBuildFile; fileRef = 7E4341F618BC7DE50094C33D /* GBViewController.m */; };
		7E4341F918BC7DE50094C33D /* Images.xcassets in Resources */ = {isa = PBXBuildFile; fileRef = 7E4341F818BC7DE50094C33D /* Images.xcassets */; };
		7E43420018BC7DE60094C33D /* XCTest.framework in Frameworks */ = {isa = PBXBuildFile; fileRef = 7E4341FF18BC7DE50094C33D /* XCTest.framework */; };
		7E43420118BC7DE60094C33D /* Foundation.framework in Frameworks */ = {isa = PBXBuildFile; fileRef = 7E4341E018BC7DE50094C33D /* Foundation.framework */; };
		7E43420218BC7DE60094C33D /* UIKit.framework in Frameworks */ = {isa = PBXBuildFile; fileRef = 7E4341E418BC7DE50094C33D /* UIKit.framework */; };
		7E43420A18BC7DE60094C33D /* InfoPlist.strings in Resources */ = {isa = PBXBuildFile; fileRef = 7E43420818BC7DE60094C33D /* InfoPlist.strings */; };
		7E43420C18BC7DE60094C33D /* GridItemsBrowserDemoTests.m in Sources */ = {isa = PBXBuildFile; fileRef = 7E43420B18BC7DE60094C33D /* GridItemsBrowserDemoTests.m */; };
		7E43421618BC7E9E0094C33D /* SitecoreMobileSDK.framework in Frameworks */ = {isa = PBXBuildFile; fileRef = 7E43421518BC7E9E0094C33D /* SitecoreMobileSDK.framework */; };
		7E43422318BC7F400094C33D /* libSCItemsBrowser.a in Frameworks */ = {isa = PBXBuildFile; fileRef = 7E43421D18BC7EA80094C33D /* libSCItemsBrowser.a */; };
		7E43423118BC84990094C33D /* libxml2.dylib in Frameworks */ = {isa = PBXBuildFile; fileRef = 7E43423018BC84990094C33D /* libxml2.dylib */; };
		7E43423318BC849D0094C33D /* libz.dylib in Frameworks */ = {isa = PBXBuildFile; fileRef = 7E43423218BC849D0094C33D /* libz.dylib */; };
		7E43423618BC84A50094C33D /* libc++.dylib in Frameworks */ = {isa = PBXBuildFile; fileRef = 7E43423418BC84A50094C33D /* libc++.dylib */; };
		7E43423718BC84A50094C33D /* libstdc++.dylib in Frameworks */ = {isa = PBXBuildFile; fileRef = 7E43423518BC84A50094C33D /* libstdc++.dylib */; };
		7E43423918BC84B00094C33D /* libiconv.dylib in Frameworks */ = {isa = PBXBuildFile; fileRef = 7E43423818BC84B00094C33D /* libiconv.dylib */; };
		7E43423B18BC84FB0094C33D /* libsqlite3.dylib in Frameworks */ = {isa = PBXBuildFile; fileRef = 7E43423A18BC84FB0094C33D /* libsqlite3.dylib */; };
		7E43423E18BC850D0094C33D /* AddressBook.framework in Frameworks */ = {isa = PBXBuildFile; fileRef = 7E43423C18BC850D0094C33D /* AddressBook.framework */; };
		7E43423F18BC850D0094C33D /* AddressBookUI.framework in Frameworks */ = {isa = PBXBuildFile; fileRef = 7E43423D18BC850D0094C33D /* AddressBookUI.framework */; };
		7E43424218BC8FAD0094C33D /* EventKit.framework in Frameworks */ = {isa = PBXBuildFile; fileRef = 7E43424018BC8FAD0094C33D /* EventKit.framework */; };
		7E43424318BC8FAD0094C33D /* EventKitUI.framework in Frameworks */ = {isa = PBXBuildFile; fileRef = 7E43424118BC8FAD0094C33D /* EventKitUI.framework */; };
		7E43424518BC8FB20094C33D /* MapKit.framework in Frameworks */ = {isa = PBXBuildFile; fileRef = 7E43424418BC8FB20094C33D /* MapKit.framework */; };
		7E43424718BC8FB70094C33D /* AudioToolbox.framework in Frameworks */ = {isa = PBXBuildFile; fileRef = 7E43424618BC8FB70094C33D /* AudioToolbox.framework */; };
		7E43424D18BC8FC70094C33D /* CoreAudio.framework in Frameworks */ = {isa = PBXBuildFile; fileRef = 7E43424818BC8FC70094C33D /* CoreAudio.framework */; };
		7E43424E18BC8FC70094C33D /* CoreLocation.framework in Frameworks */ = {isa = PBXBuildFile; fileRef = 7E43424918BC8FC70094C33D /* CoreLocation.framework */; };
		7E43424F18BC8FC70094C33D /* CoreMedia.framework in Frameworks */ = {isa = PBXBuildFile; fileRef = 7E43424A18BC8FC70094C33D /* CoreMedia.framework */; };
		7E43425018BC8FC70094C33D /* CoreMotion.framework in Frameworks */ = {isa = PBXBuildFile; fileRef = 7E43424B18BC8FC70094C33D /* CoreMotion.framework */; };
		7E43425118BC8FC70094C33D /* CoreText.framework in Frameworks */ = {isa = PBXBuildFile; fileRef = 7E43424C18BC8FC70094C33D /* CoreText.framework */; };
		7E43425318BC8FD10094C33D /* CFNetwork.framework in Frameworks */ = {isa = PBXBuildFile; fileRef = 7E43425218BC8FD10094C33D /* CFNetwork.framework */; };
		7E43425518BC8FDD0094C33D /* Social.framework in Frameworks */ = {isa = PBXBuildFile; fileRef = 7E43425418BC8FDD0094C33D /* Social.framework */; };
		7E43425718BC8FE10094C33D /* Twitter.framework in Frameworks */ = {isa = PBXBuildFile; fileRef = 7E43425618BC8FE10094C33D /* Twitter.framework */; };
		7E43425918BC8FFB0094C33D /* MessageUI.framework in Frameworks */ = {isa = PBXBuildFile; fileRef = 7E43425818BC8FFB0094C33D /* MessageUI.framework */; };
/* End PBXBuildFile section */

/* Begin PBXContainerItemProxy section */
		7E43420318BC7DE60094C33D /* PBXContainerItemProxy */ = {
			isa = PBXContainerItemProxy;
			containerPortal = 7E4341D518BC7DE50094C33D /* Project object */;
			proxyType = 1;
			remoteGlobalIDString = 7E4341DC18BC7DE50094C33D;
			remoteInfo = GridItemsBrowserDemo;
		};
		7E43421C18BC7EA80094C33D /* PBXContainerItemProxy */ = {
			isa = PBXContainerItemProxy;
			containerPortal = 7E43421718BC7EA80094C33D /* SCItemsBrowser.xcodeproj */;
			proxyType = 2;
			remoteGlobalIDString = 7E1D05AC18A13D8E006EF056;
			remoteInfo = SCItemsBrowser;
		};
		7E43421E18BC7EA80094C33D /* PBXContainerItemProxy */ = {
			isa = PBXContainerItemProxy;
			containerPortal = 7E43421718BC7EA80094C33D /* SCItemsBrowser.xcodeproj */;
			proxyType = 2;
			remoteGlobalIDString = 7E1D05BC18A13D8E006EF056;
			remoteInfo = SCItemsBrowserTests;
		};
		7E43422418BC7F440094C33D /* PBXContainerItemProxy */ = {
			isa = PBXContainerItemProxy;
			containerPortal = 7E43421718BC7EA80094C33D /* SCItemsBrowser.xcodeproj */;
			proxyType = 1;
			remoteGlobalIDString = 7E1D05AB18A13D8E006EF056;
			remoteInfo = SCItemsBrowser;
		};
/* End PBXContainerItemProxy section */

/* Begin PBXFileReference section */
		7E4341DD18BC7DE50094C33D /* GridItemsBrowserDemo.app */ = {isa = PBXFileReference; explicitFileType = wrapper.application; includeInIndex = 0; path = GridItemsBrowserDemo.app; sourceTree = BUILT_PRODUCTS_DIR; };
		7E4341E018BC7DE50094C33D /* Foundation.framework */ = {isa = PBXFileReference; lastKnownFileType = wrapper.framework; name = Foundation.framework; path = System/Library/Frameworks/Foundation.framework; sourceTree = SDKROOT; };
		7E4341E218BC7DE50094C33D /* CoreGraphics.framework */ = {isa = PBXFileReference; lastKnownFileType = wrapper.framework; name = CoreGraphics.framework; path = System/Library/Frameworks/CoreGraphics.framework; sourceTree = SDKROOT; };
		7E4341E418BC7DE50094C33D /* UIKit.framework */ = {isa = PBXFileReference; lastKnownFileType = wrapper.framework; name = UIKit.framework; path = System/Library/Frameworks/UIKit.framework; sourceTree = SDKROOT; };
		7E4341E818BC7DE50094C33D /* GridItemsBrowserDemo-Info.plist */ = {isa = PBXFileReference; lastKnownFileType = text.plist.xml; path = "GridItemsBrowserDemo-Info.plist"; sourceTree = "<group>"; };
		7E4341EA18BC7DE50094C33D /* en */ = {isa = PBXFileReference; lastKnownFileType = text.plist.strings; name = en; path = en.lproj/InfoPlist.strings; sourceTree = "<group>"; };
		7E4341EC18BC7DE50094C33D /* main.m */ = {isa = PBXFileReference; lastKnownFileType = sourcecode.c.objc; path = main.m; sourceTree = "<group>"; };
		7E4341EE18BC7DE50094C33D /* GridItemsBrowserDemo-Prefix.pch */ = {isa = PBXFileReference; lastKnownFileType = sourcecode.c.h; path = "GridItemsBrowserDemo-Prefix.pch"; sourceTree = "<group>"; };
		7E4341EF18BC7DE50094C33D /* GBAppDelegate.h */ = {isa = PBXFileReference; lastKnownFileType = sourcecode.c.h; path = GBAppDelegate.h; sourceTree = "<group>"; };
		7E4341F018BC7DE50094C33D /* GBAppDelegate.m */ = {isa = PBXFileReference; lastKnownFileType = sourcecode.c.objc; path = GBAppDelegate.m; sourceTree = "<group>"; };
		7E4341F318BC7DE50094C33D /* Base */ = {isa = PBXFileReference; lastKnownFileType = file.storyboard; name = Base; path = Base.lproj/Main.storyboard; sourceTree = "<group>"; };
		7E4341F518BC7DE50094C33D /* GBViewController.h */ = {isa = PBXFileReference; lastKnownFileType = sourcecode.c.h; path = GBViewController.h; sourceTree = "<group>"; };
		7E4341F618BC7DE50094C33D /* GBViewController.m */ = {isa = PBXFileReference; lastKnownFileType = sourcecode.c.objc; path = GBViewController.m; sourceTree = "<group>"; };
		7E4341F818BC7DE50094C33D /* Images.xcassets */ = {isa = PBXFileReference; lastKnownFileType = folder.assetcatalog; path = Images.xcassets; sourceTree = "<group>"; };
		7E4341FE18BC7DE50094C33D /* GridItemsBrowserDemoTests.xctest */ = {isa = PBXFileReference; explicitFileType = wrapper.cfbundle; includeInIndex = 0; path = GridItemsBrowserDemoTests.xctest; sourceTree = BUILT_PRODUCTS_DIR; };
		7E4341FF18BC7DE50094C33D /* XCTest.framework */ = {isa = PBXFileReference; lastKnownFileType = wrapper.framework; name = XCTest.framework; path = Library/Frameworks/XCTest.framework; sourceTree = DEVELOPER_DIR; };
		7E43420718BC7DE60094C33D /* GridItemsBrowserDemoTests-Info.plist */ = {isa = PBXFileReference; lastKnownFileType = text.plist.xml; path = "GridItemsBrowserDemoTests-Info.plist"; sourceTree = "<group>"; };
		7E43420918BC7DE60094C33D /* en */ = {isa = PBXFileReference; lastKnownFileType = text.plist.strings; name = en; path = en.lproj/InfoPlist.strings; sourceTree = "<group>"; };
		7E43420B18BC7DE60094C33D /* GridItemsBrowserDemoTests.m */ = {isa = PBXFileReference; lastKnownFileType = sourcecode.c.objc; path = GridItemsBrowserDemoTests.m; sourceTree = "<group>"; };
		7E43421518BC7E9E0094C33D /* SitecoreMobileSDK.framework */ = {isa = PBXFileReference; lastKnownFileType = wrapper.framework; name = SitecoreMobileSDK.framework; path = ../../frameworks/SitecoreMobileSDK.framework; sourceTree = "<group>"; };
		7E43421718BC7EA80094C33D /* SCItemsBrowser.xcodeproj */ = {isa = PBXFileReference; lastKnownFileType = "wrapper.pb-project"; name = SCItemsBrowser.xcodeproj; path = ../../SCItemsBrowser.xcodeproj; sourceTree = "<group>"; };
		7E43423018BC84990094C33D /* libxml2.dylib */ = {isa = PBXFileReference; lastKnownFileType = "compiled.mach-o.dylib"; name = libxml2.dylib; path = usr/lib/libxml2.dylib; sourceTree = SDKROOT; };
		7E43423218BC849D0094C33D /* libz.dylib */ = {isa = PBXFileReference; lastKnownFileType = "compiled.mach-o.dylib"; name = libz.dylib; path = usr/lib/libz.dylib; sourceTree = SDKROOT; };
		7E43423418BC84A50094C33D /* libc++.dylib */ = {isa = PBXFileReference; lastKnownFileType = "compiled.mach-o.dylib"; name = "libc++.dylib"; path = "usr/lib/libc++.dylib"; sourceTree = SDKROOT; };
		7E43423518BC84A50094C33D /* libstdc++.dylib */ = {isa = PBXFileReference; lastKnownFileType = "compiled.mach-o.dylib"; name = "libstdc++.dylib"; path = "usr/lib/libstdc++.dylib"; sourceTree = SDKROOT; };
		7E43423818BC84B00094C33D /* libiconv.dylib */ = {isa = PBXFileReference; lastKnownFileType = "compiled.mach-o.dylib"; name = libiconv.dylib; path = usr/lib/libiconv.dylib; sourceTree = SDKROOT; };
		7E43423A18BC84FB0094C33D /* libsqlite3.dylib */ = {isa = PBXFileReference; lastKnownFileType = "compiled.mach-o.dylib"; name = libsqlite3.dylib; path = usr/lib/libsqlite3.dylib; sourceTree = SDKROOT; };
		7E43423C18BC850D0094C33D /* AddressBook.framework */ = {isa = PBXFileReference; lastKnownFileType = wrapper.framework; name = AddressBook.framework; path = System/Library/Frameworks/AddressBook.framework; sourceTree = SDKROOT; };
		7E43423D18BC850D0094C33D /* AddressBookUI.framework */ = {isa = PBXFileReference; lastKnownFileType = wrapper.framework; name = AddressBookUI.framework; path = System/Library/Frameworks/AddressBookUI.framework; sourceTree = SDKROOT; };
		7E43424018BC8FAD0094C33D /* EventKit.framework */ = {isa = PBXFileReference; lastKnownFileType = wrapper.framework; name = EventKit.framework; path = System/Library/Frameworks/EventKit.framework; sourceTree = SDKROOT; };
		7E43424118BC8FAD0094C33D /* EventKitUI.framework */ = {isa = PBXFileReference; lastKnownFileType = wrapper.framework; name = EventKitUI.framework; path = System/Library/Frameworks/EventKitUI.framework; sourceTree = SDKROOT; };
		7E43424418BC8FB20094C33D /* MapKit.framework */ = {isa = PBXFileReference; lastKnownFileType = wrapper.framework; name = MapKit.framework; path = System/Library/Frameworks/MapKit.framework; sourceTree = SDKROOT; };
		7E43424618BC8FB70094C33D /* AudioToolbox.framework */ = {isa = PBXFileReference; lastKnownFileType = wrapper.framework; name = AudioToolbox.framework; path = System/Library/Frameworks/AudioToolbox.framework; sourceTree = SDKROOT; };
		7E43424818BC8FC70094C33D /* CoreAudio.framework */ = {isa = PBXFileReference; lastKnownFileType = wrapper.framework; name = CoreAudio.framework; path = System/Library/Frameworks/CoreAudio.framework; sourceTree = SDKROOT; };
		7E43424918BC8FC70094C33D /* CoreLocation.framework */ = {isa = PBXFileReference; lastKnownFileType = wrapper.framework; name = CoreLocation.framework; path = System/Library/Frameworks/CoreLocation.framework; sourceTree = SDKROOT; };
		7E43424A18BC8FC70094C33D /* CoreMedia.framework */ = {isa = PBXFileReference; lastKnownFileType = wrapper.framework; name = CoreMedia.framework; path = System/Library/Frameworks/CoreMedia.framework; sourceTree = SDKROOT; };
		7E43424B18BC8FC70094C33D /* CoreMotion.framework */ = {isa = PBXFileReference; lastKnownFileType = wrapper.framework; name = CoreMotion.framework; path = System/Library/Frameworks/CoreMotion.framework; sourceTree = SDKROOT; };
		7E43424C18BC8FC70094C33D /* CoreText.framework */ = {isa = PBXFileReference; lastKnownFileType = wrapper.framework; name = CoreText.framework; path = System/Library/Frameworks/CoreText.framework; sourceTree = SDKROOT; };
		7E43425218BC8FD10094C33D /* CFNetwork.framework */ = {isa = PBXFileReference; lastKnownFileType = wrapper.framework; name = CFNetwork.framework; path = System/Library/Frameworks/CFNetwork.framework; sourceTree = SDKROOT; };
		7E43425418BC8FDD0094C33D /* Social.framework */ = {isa = PBXFileReference; lastKnownFileType = wrapper.framework; name = Social.framework; path = System/Library/Frameworks/Social.framework; sourceTree = SDKROOT; };
		7E43425618BC8FE10094C33D /* Twitter.framework */ = {isa = PBXFileReference; lastKnownFileType = wrapper.framework; name = Twitter.framework; path = System/Library/Frameworks/Twitter.framework; sourceTree = SDKROOT; };
		7E43425818BC8FFB0094C33D /* MessageUI.framework */ = {isa = PBXFileReference; lastKnownFileType = wrapper.framework; name = MessageUI.framework; path = System/Library/Frameworks/MessageUI.framework; sourceTree = SDKROOT; };
/* End PBXFileReference section */

/* Begin PBXFrameworksBuildPhase section */
		7E4341DA18BC7DE50094C33D /* Frameworks */ = {
			isa = PBXFrameworksBuildPhase;
			buildActionMask = 2147483647;
			files = (
				7E43425918BC8FFB0094C33D /* MessageUI.framework in Frameworks */,
				7E43425718BC8FE10094C33D /* Twitter.framework in Frameworks */,
				7E43425518BC8FDD0094C33D /* Social.framework in Frameworks */,
				7E43425318BC8FD10094C33D /* CFNetwork.framework in Frameworks */,
				7E43424D18BC8FC70094C33D /* CoreAudio.framework in Frameworks */,
				7E43424E18BC8FC70094C33D /* CoreLocation.framework in Frameworks */,
				7E43424F18BC8FC70094C33D /* CoreMedia.framework in Frameworks */,
				7E43425018BC8FC70094C33D /* CoreMotion.framework in Frameworks */,
				7E43425118BC8FC70094C33D /* CoreText.framework in Frameworks */,
				7E4341E318BC7DE50094C33D /* CoreGraphics.framework in Frameworks */,
				7E43424718BC8FB70094C33D /* AudioToolbox.framework in Frameworks */,
				7E43424518BC8FB20094C33D /* MapKit.framework in Frameworks */,
				7E43424218BC8FAD0094C33D /* EventKit.framework in Frameworks */,
				7E43424318BC8FAD0094C33D /* EventKitUI.framework in Frameworks */,
				7E43423E18BC850D0094C33D /* AddressBook.framework in Frameworks */,
				7E43423F18BC850D0094C33D /* AddressBookUI.framework in Frameworks */,
				7E43423B18BC84FB0094C33D /* libsqlite3.dylib in Frameworks */,
				7E43423918BC84B00094C33D /* libiconv.dylib in Frameworks */,
				7E43423618BC84A50094C33D /* libc++.dylib in Frameworks */,
				7E43423718BC84A50094C33D /* libstdc++.dylib in Frameworks */,
				7E43423318BC849D0094C33D /* libz.dylib in Frameworks */,
				7E43423118BC84990094C33D /* libxml2.dylib in Frameworks */,
				7E43422318BC7F400094C33D /* libSCItemsBrowser.a in Frameworks */,
				7E4341E518BC7DE50094C33D /* UIKit.framework in Frameworks */,
				7E4341E118BC7DE50094C33D /* Foundation.framework in Frameworks */,
				7E43421618BC7E9E0094C33D /* SitecoreMobileSDK.framework in Frameworks */,
			);
			runOnlyForDeploymentPostprocessing = 0;
		};
		7E4341FB18BC7DE50094C33D /* Frameworks */ = {
			isa = PBXFrameworksBuildPhase;
			buildActionMask = 2147483647;
			files = (
				7E43420018BC7DE60094C33D /* XCTest.framework in Frameworks */,
				7E43420218BC7DE60094C33D /* UIKit.framework in Frameworks */,
				7E43420118BC7DE60094C33D /* Foundation.framework in Frameworks */,
			);
			runOnlyForDeploymentPostprocessing = 0;
		};
/* End PBXFrameworksBuildPhase section */

/* Begin PBXGroup section */
		7E4341D418BC7DE50094C33D = {
			isa = PBXGroup;
			children = (
				7E43421718BC7EA80094C33D /* SCItemsBrowser.xcodeproj */,
				7E43421518BC7E9E0094C33D /* SitecoreMobileSDK.framework */,
				7E4341E618BC7DE50094C33D /* GridItemsBrowserDemo */,
				7E43420518BC7DE60094C33D /* GridItemsBrowserDemoTests */,
				7E4341DF18BC7DE50094C33D /* Frameworks */,
				7E4341DE18BC7DE50094C33D /* Products */,
			);
			sourceTree = "<group>";
		};
		7E4341DE18BC7DE50094C33D /* Products */ = {
			isa = PBXGroup;
			children = (
				7E4341DD18BC7DE50094C33D /* GridItemsBrowserDemo.app */,
				7E4341FE18BC7DE50094C33D /* GridItemsBrowserDemoTests.xctest */,
			);
			name = Products;
			sourceTree = "<group>";
		};
		7E4341DF18BC7DE50094C33D /* Frameworks */ = {
			isa = PBXGroup;
			children = (
				7E43425818BC8FFB0094C33D /* MessageUI.framework */,
				7E43425618BC8FE10094C33D /* Twitter.framework */,
				7E43425418BC8FDD0094C33D /* Social.framework */,
				7E43425218BC8FD10094C33D /* CFNetwork.framework */,
				7E43424818BC8FC70094C33D /* CoreAudio.framework */,
				7E43424918BC8FC70094C33D /* CoreLocation.framework */,
				7E43424A18BC8FC70094C33D /* CoreMedia.framework */,
				7E43424B18BC8FC70094C33D /* CoreMotion.framework */,
				7E43424C18BC8FC70094C33D /* CoreText.framework */,
				7E43424618BC8FB70094C33D /* AudioToolbox.framework */,
				7E43424418BC8FB20094C33D /* MapKit.framework */,
				7E43424018BC8FAD0094C33D /* EventKit.framework */,
				7E43424118BC8FAD0094C33D /* EventKitUI.framework */,
				7E43423C18BC850D0094C33D /* AddressBook.framework */,
				7E43423D18BC850D0094C33D /* AddressBookUI.framework */,
				7E43423A18BC84FB0094C33D /* libsqlite3.dylib */,
				7E43423818BC84B00094C33D /* libiconv.dylib */,
				7E43423418BC84A50094C33D /* libc++.dylib */,
				7E43423518BC84A50094C33D /* libstdc++.dylib */,
				7E43423218BC849D0094C33D /* libz.dylib */,
				7E43423018BC84990094C33D /* libxml2.dylib */,
				7E4341E018BC7DE50094C33D /* Foundation.framework */,
				7E4341E218BC7DE50094C33D /* CoreGraphics.framework */,
				7E4341E418BC7DE50094C33D /* UIKit.framework */,
				7E4341FF18BC7DE50094C33D /* XCTest.framework */,
			);
			name = Frameworks;
			sourceTree = "<group>";
		};
		7E4341E618BC7DE50094C33D /* GridItemsBrowserDemo */ = {
			isa = PBXGroup;
			children = (
				7E4341EF18BC7DE50094C33D /* GBAppDelegate.h */,
				7E4341F018BC7DE50094C33D /* GBAppDelegate.m */,
				7E4341F218BC7DE50094C33D /* Main.storyboard */,
				7E4341F518BC7DE50094C33D /* GBViewController.h */,
				7E4341F618BC7DE50094C33D /* GBViewController.m */,
				7E4341F818BC7DE50094C33D /* Images.xcassets */,
				7E4341E718BC7DE50094C33D /* Supporting Files */,
			);
			path = GridItemsBrowserDemo;
			sourceTree = "<group>";
		};
		7E4341E718BC7DE50094C33D /* Supporting Files */ = {
			isa = PBXGroup;
			children = (
				7E4341E818BC7DE50094C33D /* GridItemsBrowserDemo-Info.plist */,
				7E4341E918BC7DE50094C33D /* InfoPlist.strings */,
				7E4341EC18BC7DE50094C33D /* main.m */,
				7E4341EE18BC7DE50094C33D /* GridItemsBrowserDemo-Prefix.pch */,
			);
			name = "Supporting Files";
			sourceTree = "<group>";
		};
		7E43420518BC7DE60094C33D /* GridItemsBrowserDemoTests */ = {
			isa = PBXGroup;
			children = (
				7E43420B18BC7DE60094C33D /* GridItemsBrowserDemoTests.m */,
				7E43420618BC7DE60094C33D /* Supporting Files */,
			);
			path = GridItemsBrowserDemoTests;
			sourceTree = "<group>";
		};
		7E43420618BC7DE60094C33D /* Supporting Files */ = {
			isa = PBXGroup;
			children = (
				7E43420718BC7DE60094C33D /* GridItemsBrowserDemoTests-Info.plist */,
				7E43420818BC7DE60094C33D /* InfoPlist.strings */,
			);
			name = "Supporting Files";
			sourceTree = "<group>";
		};
		7E43421818BC7EA80094C33D /* Products */ = {
			isa = PBXGroup;
			children = (
				7E43421D18BC7EA80094C33D /* libSCItemsBrowser.a */,
				7E43421F18BC7EA80094C33D /* SCItemsBrowserTests.xctest */,
			);
			name = Products;
			sourceTree = "<group>";
		};
/* End PBXGroup section */

/* Begin PBXNativeTarget section */
		7E4341DC18BC7DE50094C33D /* GridItemsBrowserDemo */ = {
			isa = PBXNativeTarget;
			buildConfigurationList = 7E43420F18BC7DE60094C33D /* Build configuration list for PBXNativeTarget "GridItemsBrowserDemo" */;
			buildPhases = (
				7E4341D918BC7DE50094C33D /* Sources */,
				7E4341DA18BC7DE50094C33D /* Frameworks */,
				7E4341DB18BC7DE50094C33D /* Resources */,
			);
			buildRules = (
			);
			dependencies = (
				7E43422518BC7F440094C33D /* PBXTargetDependency */,
			);
			name = GridItemsBrowserDemo;
			productName = GridItemsBrowserDemo;
			productReference = 7E4341DD18BC7DE50094C33D /* GridItemsBrowserDemo.app */;
			productType = "com.apple.product-type.application";
		};
		7E4341FD18BC7DE50094C33D /* GridItemsBrowserDemoTests */ = {
			isa = PBXNativeTarget;
			buildConfigurationList = 7E43421218BC7DE60094C33D /* Build configuration list for PBXNativeTarget "GridItemsBrowserDemoTests" */;
			buildPhases = (
				7E4341FA18BC7DE50094C33D /* Sources */,
				7E4341FB18BC7DE50094C33D /* Frameworks */,
				7E4341FC18BC7DE50094C33D /* Resources */,
			);
			buildRules = (
			);
			dependencies = (
				7E43420418BC7DE60094C33D /* PBXTargetDependency */,
			);
			name = GridItemsBrowserDemoTests;
			productName = GridItemsBrowserDemoTests;
			productReference = 7E4341FE18BC7DE50094C33D /* GridItemsBrowserDemoTests.xctest */;
			productType = "com.apple.product-type.bundle.unit-test";
		};
/* End PBXNativeTarget section */

/* Begin PBXProject section */
		7E4341D518BC7DE50094C33D /* Project object */ = {
			isa = PBXProject;
			attributes = {
				CLASSPREFIX = GB;
				LastUpgradeCheck = 0500;
				ORGANIZATIONNAME = Sitecore;
				TargetAttributes = {
					7E4341FD18BC7DE50094C33D = {
						TestTargetID = 7E4341DC18BC7DE50094C33D;
					};
				};
			};
			buildConfigurationList = 7E4341D818BC7DE50094C33D /* Build configuration list for PBXProject "GridItemsBrowserDemo" */;
			compatibilityVersion = "Xcode 3.2";
			developmentRegion = English;
			hasScannedForEncodings = 0;
			knownRegions = (
				en,
				Base,
			);
			mainGroup = 7E4341D418BC7DE50094C33D;
			productRefGroup = 7E4341DE18BC7DE50094C33D /* Products */;
			projectDirPath = "";
			projectReferences = (
				{
					ProductGroup = 7E43421818BC7EA80094C33D /* Products */;
					ProjectRef = 7E43421718BC7EA80094C33D /* SCItemsBrowser.xcodeproj */;
				},
			);
			projectRoot = "";
			targets = (
				7E4341DC18BC7DE50094C33D /* GridItemsBrowserDemo */,
				7E4341FD18BC7DE50094C33D /* GridItemsBrowserDemoTests */,
			);
		};
/* End PBXProject section */

/* Begin PBXReferenceProxy section */
		7E43421D18BC7EA80094C33D /* libSCItemsBrowser.a */ = {
			isa = PBXReferenceProxy;
			fileType = archive.ar;
			path = libSCItemsBrowser.a;
			remoteRef = 7E43421C18BC7EA80094C33D /* PBXContainerItemProxy */;
			sourceTree = BUILT_PRODUCTS_DIR;
		};
		7E43421F18BC7EA80094C33D /* SCItemsBrowserTests.xctest */ = {
			isa = PBXReferenceProxy;
			fileType = wrapper.cfbundle;
			path = SCItemsBrowserTests.xctest;
			remoteRef = 7E43421E18BC7EA80094C33D /* PBXContainerItemProxy */;
			sourceTree = BUILT_PRODUCTS_DIR;
		};
/* End PBXReferenceProxy section */

/* Begin PBXResourcesBuildPhase section */
		7E4341DB18BC7DE50094C33D /* Resources */ = {
			isa = PBXResourcesBuildPhase;
			buildActionMask = 2147483647;
			files = (
				7E4341F918BC7DE50094C33D /* Images.xcassets in Resources */,
				7E4341EB18BC7DE50094C33D /* InfoPlist.strings in Resources */,
				7E4341F418BC7DE50094C33D /* Main.storyboard in Resources */,
			);
			runOnlyForDeploymentPostprocessing = 0;
		};
		7E4341FC18BC7DE50094C33D /* Resources */ = {
			isa = PBXResourcesBuildPhase;
			buildActionMask = 2147483647;
			files = (
				7E43420A18BC7DE60094C33D /* InfoPlist.strings in Resources */,
			);
			runOnlyForDeploymentPostprocessing = 0;
		};
/* End PBXResourcesBuildPhase section */

/* Begin PBXSourcesBuildPhase section */
		7E4341D918BC7DE50094C33D /* Sources */ = {
			isa = PBXSourcesBuildPhase;
			buildActionMask = 2147483647;
			files = (
				7E4341ED18BC7DE50094C33D /* main.m in Sources */,
				7E4341F718BC7DE50094C33D /* GBViewController.m in Sources */,
				7E4341F118BC7DE50094C33D /* GBAppDelegate.m in Sources */,
			);
			runOnlyForDeploymentPostprocessing = 0;
		};
		7E4341FA18BC7DE50094C33D /* Sources */ = {
			isa = PBXSourcesBuildPhase;
			buildActionMask = 2147483647;
			files = (
				7E43420C18BC7DE60094C33D /* GridItemsBrowserDemoTests.m in Sources */,
			);
			runOnlyForDeploymentPostprocessing = 0;
		};
/* End PBXSourcesBuildPhase section */

/* Begin PBXTargetDependency section */
		7E43420418BC7DE60094C33D /* PBXTargetDependency */ = {
			isa = PBXTargetDependency;
			target = 7E4341DC18BC7DE50094C33D /* GridItemsBrowserDemo */;
			targetProxy = 7E43420318BC7DE60094C33D /* PBXContainerItemProxy */;
		};
		7E43422518BC7F440094C33D /* PBXTargetDependency */ = {
			isa = PBXTargetDependency;
			name = SCItemsBrowser;
			targetProxy = 7E43422418BC7F440094C33D /* PBXContainerItemProxy */;
		};
/* End PBXTargetDependency section */

/* Begin PBXVariantGroup section */
		7E4341E918BC7DE50094C33D /* InfoPlist.strings */ = {
			isa = PBXVariantGroup;
			children = (
				7E4341EA18BC7DE50094C33D /* en */,
			);
			name = InfoPlist.strings;
			sourceTree = "<group>";
		};
		7E4341F218BC7DE50094C33D /* Main.storyboard */ = {
			isa = PBXVariantGroup;
			children = (
				7E4341F318BC7DE50094C33D /* Base */,
			);
			name = Main.storyboard;
			sourceTree = "<group>";
		};
		7E43420818BC7DE60094C33D /* InfoPlist.strings */ = {
			isa = PBXVariantGroup;
			children = (
				7E43420918BC7DE60094C33D /* en */,
			);
			name = InfoPlist.strings;
			sourceTree = "<group>";
		};
/* End PBXVariantGroup section */

/* Begin XCBuildConfiguration section */
		7E43420D18BC7DE60094C33D /* Debug */ = {
			isa = XCBuildConfiguration;
			buildSettings = {
				ALWAYS_SEARCH_USER_PATHS = NO;
				ARCHS = "$(ARCHS_STANDARD_INCLUDING_64_BIT)";
				CLANG_CXX_LANGUAGE_STANDARD = "gnu++0x";
				CLANG_CXX_LIBRARY = "libc++";
				CLANG_ENABLE_MODULES = YES;
				CLANG_ENABLE_OBJC_ARC = YES;
				CLANG_WARN_BOOL_CONVERSION = YES;
				CLANG_WARN_CONSTANT_CONVERSION = YES;
				CLANG_WARN_DIRECT_OBJC_ISA_USAGE = YES_ERROR;
				CLANG_WARN_EMPTY_BODY = YES;
				CLANG_WARN_ENUM_CONVERSION = YES;
				CLANG_WARN_INT_CONVERSION = YES;
				CLANG_WARN_OBJC_ROOT_CLASS = YES_ERROR;
				CLANG_WARN__DUPLICATE_METHOD_MATCH = YES;
				"CODE_SIGN_IDENTITY[sdk=iphoneos*]" = "iPhone Developer";
				COPY_PHASE_STRIP = NO;
				FRAMEWORK_SEARCH_PATHS = ../../frameworks;
				GCC_C_LANGUAGE_STANDARD = gnu99;
				GCC_DYNAMIC_NO_PIC = NO;
				GCC_OPTIMIZATION_LEVEL = 0;
				GCC_PREPROCESSOR_DEFINITIONS = (
					"DEBUG=1",
					"$(inherited)",
				);
				GCC_SYMBOLS_PRIVATE_EXTERN = NO;
				GCC_WARN_64_TO_32_BIT_CONVERSION = YES;
				GCC_WARN_ABOUT_RETURN_TYPE = YES_ERROR;
				GCC_WARN_UNDECLARED_SELECTOR = YES;
				GCC_WARN_UNINITIALIZED_AUTOS = YES;
				GCC_WARN_UNUSED_FUNCTION = YES;
				GCC_WARN_UNUSED_VARIABLE = YES;
				HEADER_SEARCH_PATHS = (
					"$(inherited)",
					/Applications/Xcode.app/Contents/Developer/Toolchains/XcodeDefault.xctoolchain/usr/include,
					../../,
				);
				IPHONEOS_DEPLOYMENT_TARGET = 7.0;
				LIBRARY_SEARCH_PATHS = ../../frameworks;
				ONLY_ACTIVE_ARCH = YES;
				OTHER_LDFLAGS = "-all_load";
				SDKROOT = iphoneos;
			};
			name = Debug;
		};
		7E43420E18BC7DE60094C33D /* Release */ = {
			isa = XCBuildConfiguration;
			buildSettings = {
				ALWAYS_SEARCH_USER_PATHS = NO;
				ARCHS = "$(ARCHS_STANDARD_INCLUDING_64_BIT)";
				CLANG_CXX_LANGUAGE_STANDARD = "gnu++0x";
				CLANG_CXX_LIBRARY = "libc++";
				CLANG_ENABLE_MODULES = YES;
				CLANG_ENABLE_OBJC_ARC = YES;
				CLANG_WARN_BOOL_CONVERSION = YES;
				CLANG_WARN_CONSTANT_CONVERSION = YES;
				CLANG_WARN_DIRECT_OBJC_ISA_USAGE = YES_ERROR;
				CLANG_WARN_EMPTY_BODY = YES;
				CLANG_WARN_ENUM_CONVERSION = YES;
				CLANG_WARN_INT_CONVERSION = YES;
				CLANG_WARN_OBJC_ROOT_CLASS = YES_ERROR;
				CLANG_WARN__DUPLICATE_METHOD_MATCH = YES;
				"CODE_SIGN_IDENTITY[sdk=iphoneos*]" = "iPhone Developer";
				COPY_PHASE_STRIP = YES;
				ENABLE_NS_ASSERTIONS = NO;
				FRAMEWORK_SEARCH_PATHS = ../../frameworks;
				GCC_C_LANGUAGE_STANDARD = gnu99;
				GCC_WARN_64_TO_32_BIT_CONVERSION = YES;
				GCC_WARN_ABOUT_RETURN_TYPE = YES_ERROR;
				GCC_WARN_UNDECLARED_SELECTOR = YES;
				GCC_WARN_UNINITIALIZED_AUTOS = YES;
				GCC_WARN_UNUSED_FUNCTION = YES;
				GCC_WARN_UNUSED_VARIABLE = YES;
				HEADER_SEARCH_PATHS = (
					"$(inherited)",
					/Applications/Xcode.app/Contents/Developer/Toolchains/XcodeDefault.xctoolchain/usr/include,
					../../,
				);
				IPHONEOS_DEPLOYMENT_TARGET = 7.0;
				LIBRARY_SEARCH_PATHS = ../../frameworks;
				OTHER_LDFLAGS = "-all_load";
				SDKROOT = iphoneos;
				VALIDATE_PRODUCT = YES;
			};
			name = Release;
		};
		7E43421018BC7DE60094C33D /* Debug */ = {
			isa = XCBuildConfiguration;
			buildSettings = {
				ASSETCATALOG_COMPILER_APPICON_NAME = AppIcon;
				ASSETCATALOG_COMPILER_LAUNCHIMAGE_NAME = LaunchImage;
				FRAMEWORK_SEARCH_PATHS = "$(inherited)";
				GCC_PRECOMPILE_PREFIX_HEADER = YES;
				GCC_PREFIX_HEADER = "GridItemsBrowserDemo/GridItemsBrowserDemo-Prefix.pch";
				INFOPLIST_FILE = "GridItemsBrowserDemo/GridItemsBrowserDemo-Info.plist";
				PRODUCT_NAME = "$(TARGET_NAME)";
				WRAPPER_EXTENSION = app;
			};
			name = Debug;
		};
		7E43421118BC7DE60094C33D /* Release */ = {
			isa = XCBuildConfiguration;
			buildSettings = {
				ASSETCATALOG_COMPILER_APPICON_NAME = AppIcon;
				ASSETCATALOG_COMPILER_LAUNCHIMAGE_NAME = LaunchImage;
				FRAMEWORK_SEARCH_PATHS = "$(inherited)";
				GCC_PRECOMPILE_PREFIX_HEADER = YES;
				GCC_PREFIX_HEADER = "GridItemsBrowserDemo/GridItemsBrowserDemo-Prefix.pch";
				INFOPLIST_FILE = "GridItemsBrowserDemo/GridItemsBrowserDemo-Info.plist";
				PRODUCT_NAME = "$(TARGET_NAME)";
				WRAPPER_EXTENSION = app;
			};
			name = Release;
		};
		7E43421318BC7DE60094C33D /* Debug */ = {
			isa = XCBuildConfiguration;
			buildSettings = {
				ARCHS = "$(ARCHS_STANDARD_INCLUDING_64_BIT)";
				BUNDLE_LOADER = "$(BUILT_PRODUCTS_DIR)/GridItemsBrowserDemo.app/GridItemsBrowserDemo";
				FRAMEWORK_SEARCH_PATHS = (
					"$(SDKROOT)/Developer/Library/Frameworks",
					"$(inherited)",
					"$(DEVELOPER_FRAMEWORKS_DIR)",
				);
				GCC_PRECOMPILE_PREFIX_HEADER = YES;
				GCC_PREFIX_HEADER = "GridItemsBrowserDemo/GridItemsBrowserDemo-Prefix.pch";
				GCC_PREPROCESSOR_DEFINITIONS = (
					"DEBUG=1",
					"$(inherited)",
				);
				INFOPLIST_FILE = "GridItemsBrowserDemoTests/GridItemsBrowserDemoTests-Info.plist";
				PRODUCT_NAME = "$(TARGET_NAME)";
				TEST_HOST = "$(BUNDLE_LOADER)";
				WRAPPER_EXTENSION = xctest;
			};
			name = Debug;
		};
		7E43421418BC7DE60094C33D /* Release */ = {
			isa = XCBuildConfiguration;
			buildSettings = {
				ARCHS = "$(ARCHS_STANDARD_INCLUDING_64_BIT)";
				BUNDLE_LOADER = "$(BUILT_PRODUCTS_DIR)/GridItemsBrowserDemo.app/GridItemsBrowserDemo";
				FRAMEWORK_SEARCH_PATHS = (
					"$(SDKROOT)/Developer/Library/Frameworks",
					"$(inherited)",
					"$(DEVELOPER_FRAMEWORKS_DIR)",
				);
				GCC_PRECOMPILE_PREFIX_HEADER = YES;
				GCC_PREFIX_HEADER = "GridItemsBrowserDemo/GridItemsBrowserDemo-Prefix.pch";
				INFOPLIST_FILE = "GridItemsBrowserDemoTests/GridItemsBrowserDemoTests-Info.plist";
				PRODUCT_NAME = "$(TARGET_NAME)";
				TEST_HOST = "$(BUNDLE_LOADER)";
				WRAPPER_EXTENSION = xctest;
			};
			name = Release;
		};
		7E43422018BC7F2D0094C33D /* Coverage */ = {
			isa = XCBuildConfiguration;
			buildSettings = {
				ALWAYS_SEARCH_USER_PATHS = NO;
				ARCHS = "$(ARCHS_STANDARD_INCLUDING_64_BIT)";
				CLANG_CXX_LANGUAGE_STANDARD = "gnu++0x";
				CLANG_CXX_LIBRARY = "libc++";
				CLANG_ENABLE_MODULES = YES;
				CLANG_ENABLE_OBJC_ARC = YES;
				CLANG_WARN_BOOL_CONVERSION = YES;
				CLANG_WARN_CONSTANT_CONVERSION = YES;
				CLANG_WARN_DIRECT_OBJC_ISA_USAGE = YES_ERROR;
				CLANG_WARN_EMPTY_BODY = YES;
				CLANG_WARN_ENUM_CONVERSION = YES;
				CLANG_WARN_INT_CONVERSION = YES;
				CLANG_WARN_OBJC_ROOT_CLASS = YES_ERROR;
				CLANG_WARN__DUPLICATE_METHOD_MATCH = YES;
				"CODE_SIGN_IDENTITY[sdk=iphoneos*]" = "iPhone Developer";
				COPY_PHASE_STRIP = NO;
				FRAMEWORK_SEARCH_PATHS = ../../frameworks;
				GCC_C_LANGUAGE_STANDARD = gnu99;
				GCC_DYNAMIC_NO_PIC = NO;
				GCC_GENERATE_TEST_COVERAGE_FILES = YES;
				GCC_INSTRUMENT_PROGRAM_FLOW_ARCS = YES;
				GCC_OPTIMIZATION_LEVEL = 0;
				GCC_PREPROCESSOR_DEFINITIONS = (
					"DEBUG=1",
					"$(inherited)",
				);
				GCC_SYMBOLS_PRIVATE_EXTERN = NO;
				GCC_WARN_64_TO_32_BIT_CONVERSION = YES;
				GCC_WARN_ABOUT_RETURN_TYPE = YES_ERROR;
				GCC_WARN_UNDECLARED_SELECTOR = YES;
				GCC_WARN_UNINITIALIZED_AUTOS = YES;
				GCC_WARN_UNUSED_FUNCTION = YES;
				GCC_WARN_UNUSED_VARIABLE = YES;
				HEADER_SEARCH_PATHS = (
					"$(inherited)",
					/Applications/Xcode.app/Contents/Developer/Toolchains/XcodeDefault.xctoolchain/usr/include,
					../../,
				);
				IPHONEOS_DEPLOYMENT_TARGET = 7.0;
				LIBRARY_SEARCH_PATHS = ../../frameworks;
				ONLY_ACTIVE_ARCH = YES;
				OTHER_LDFLAGS = (
					"-all_load",
					"-L../../frameworks",
					"-lXCode5gcovPatch-Automation",
				);
				SDKROOT = iphoneos;
			};
			name = Coverage;
		};
		7E43422118BC7F2D0094C33D /* Coverage */ = {
			isa = XCBuildConfiguration;
			buildSettings = {
				ASSETCATALOG_COMPILER_APPICON_NAME = AppIcon;
				ASSETCATALOG_COMPILER_LAUNCHIMAGE_NAME = LaunchImage;
				FRAMEWORK_SEARCH_PATHS = "$(inherited)";
				GCC_PRECOMPILE_PREFIX_HEADER = YES;
				GCC_PREFIX_HEADER = "GridItemsBrowserDemo/GridItemsBrowserDemo-Prefix.pch";
				INFOPLIST_FILE = "GridItemsBrowserDemo/GridItemsBrowserDemo-Info.plist";
				PRODUCT_NAME = "$(TARGET_NAME)";
				WRAPPER_EXTENSION = app;
			};
			name = Coverage;
		};
		7E43422218BC7F2D0094C33D /* Coverage */ = {
			isa = XCBuildConfiguration;
			buildSettings = {
				ARCHS = "$(ARCHS_STANDARD_INCLUDING_64_BIT)";
				BUNDLE_LOADER = "$(BUILT_PRODUCTS_DIR)/GridItemsBrowserDemo.app/GridItemsBrowserDemo";
				FRAMEWORK_SEARCH_PATHS = (
					"$(SDKROOT)/Developer/Library/Frameworks",
					"$(inherited)",
					"$(DEVELOPER_FRAMEWORKS_DIR)",
				);
				GCC_PRECOMPILE_PREFIX_HEADER = YES;
				GCC_PREFIX_HEADER = "GridItemsBrowserDemo/GridItemsBrowserDemo-Prefix.pch";
				GCC_PREPROCESSOR_DEFINITIONS = (
					"DEBUG=1",
					"$(inherited)",
				);
				INFOPLIST_FILE = "GridItemsBrowserDemoTests/GridItemsBrowserDemoTests-Info.plist";
				PRODUCT_NAME = "$(TARGET_NAME)";
				TEST_HOST = "$(BUNDLE_LOADER)";
				WRAPPER_EXTENSION = xctest;
			};
			name = Coverage;
		};
/* End XCBuildConfiguration section */

/* Begin XCConfigurationList section */
		7E4341D818BC7DE50094C33D /* Build configuration list for PBXProject "GridItemsBrowserDemo" */ = {
			isa = XCConfigurationList;
			buildConfigurations = (
				7E43420D18BC7DE60094C33D /* Debug */,
				7E43422018BC7F2D0094C33D /* Coverage */,
				7E43420E18BC7DE60094C33D /* Release */,
			);
			defaultConfigurationIsVisible = 0;
			defaultConfigurationName = Release;
		};
		7E43420F18BC7DE60094C33D /* Build configuration list for PBXNativeTarget "GridItemsBrowserDemo" */ = {
			isa = XCConfigurationList;
			buildConfigurations = (
				7E43421018BC7DE60094C33D /* Debug */,
				7E43422118BC7F2D0094C33D /* Coverage */,
				7E43421118BC7DE60094C33D /* Release */,
			);
			defaultConfigurationIsVisible = 0;
			defaultConfigurationName = Release;
		};
		7E43421218BC7DE60094C33D /* Build configuration list for PBXNativeTarget "GridItemsBrowserDemoTests" */ = {
			isa = XCConfigurationList;
			buildConfigurations = (
				7E43421318BC7DE60094C33D /* Debug */,
				7E43422218BC7F2D0094C33D /* Coverage */,
				7E43421418BC7DE60094C33D /* Release */,
			);
			defaultConfigurationIsVisible = 0;
			defaultConfigurationName = Release;
		};
/* End XCConfigurationList section */
	};
	rootObject = 7E4341D518BC7DE50094C33D /* Project object */;
}
